%{
  "absinthe": {:hex, :absinthe, "1.7.8", "43443d12ad2b4fcce60e257ac71caf3081f3d5c4ddd5eac63a02628bcaf5b556", [:mix], [{:dataloader, "~> 1.0.0 or ~> 2.0", [hex: :dataloader, repo: "hexpm", optional: true]}, {:decimal, "~> 1.0 or ~> 2.0", [hex: :decimal, repo: "hexpm", optional: true]}, {:nimble_parsec, "~> 1.2.2 or ~> 1.3", [hex: :nimble_parsec, repo: "hexpm", optional: false]}, {:opentelemetry_process_propagator, "~> 0.2.1 or ~> 0.3", [hex: :opentelemetry_process_propagator, repo: "hexpm", optional: true]}, {:telemetry, "~> 0.4 or ~> 1.0", [hex: :telemetry, repo: "hexpm", optional: false]}], "hexpm", "c4085df201892a498384f997649aedb37a4ce8a726c170d5b5617ed3bf45d40b"},
  "absinthe_plug": {:hex, :absinthe_plug, "1.5.8", "38d230641ba9dca8f72f1fed2dfc8abd53b3907d1996363da32434ab6ee5d6ab", [:mix], [{:absinthe, "~> 1.5", [hex: :absinthe, repo: "hexpm", optional: false]}, {:plug, "~> 1.4", [hex: :plug, repo: "hexpm", optional: false]}], "hexpm", "bbb04176647b735828861e7b2705465e53e2cf54ccf5a73ddd1ebd855f996e5a"},
  "appsignal": {:hex, :appsignal, "2.13.3", "5106ad153eabc607e0f8a4841117e8671106a3eb6567dbb6fdcd7a65e7a6c02d", [:make, :mix], [{:decimal, "~> 2.0", [hex: :decimal, repo: "hexpm", optional: false]}, {:decorator, "~> 1.2.3 or ~> 1.3", [hex: :decorator, repo: "hexpm", optional: false]}, {:hackney, "~> 1.6", [hex: :hackney, repo: "hexpm", optional: false]}, {:jason, "~> 1.0", [hex: :jason, repo: "hexpm", optional: false]}, {:telemetry, "~> 0.4 or ~> 1.0", [hex: :telemetry, repo: "hexpm", optional: false]}], "hexpm", "a4a866020b139022448f5af20c2661a8d8d4e32225f4e796b3dd6472e6c02dba"},
  "appsignal_phoenix": {:hex, :appsignal_phoenix, "2.6.0", "97730861eb3cc7a2fcf9bd5edf7bc9181d7e76eb9776b367a1598a315e019112", [:mix], [{:appsignal, ">= 2.11.0 and < 3.0.0", [hex: :appsignal, repo: "hexpm", optional: false]}, {:appsignal_plug, ">= 2.0.15 and < 3.0.0", [hex: :appsignal_plug, repo: "hexpm", optional: false]}, {:hackney, "~> 1.6", [hex: :hackney, repo: "hexpm", optional: false]}, {:phoenix, "~> 1.4", [hex: :phoenix, repo: "hexpm", optional: false]}, {:phoenix_html, "~> 2.11 or ~> 3.0 or ~> 4.0", [hex: :phoenix_html, repo: "hexpm", optional: true]}, {:phoenix_live_view, "~> 0.9 or ~> 1.0", [hex: :phoenix_live_view, repo: "hexpm", optional: true]}, {:telemetry, "~> 0.4 or ~> 1.0", [hex: :telemetry, repo: "hexpm", optional: false]}], "hexpm", "876fc304f24354a0789b8ac0f95fb26973c81ef9218ed7c3a91729485054bfae"},
  "appsignal_plug": {:hex, :appsignal_plug, "2.0.15", "758a8a78944878e8461bbc77ca86219121a56f4299c6d79940ab083cf9afea00", [:mix], [{:appsignal, ">= 2.7.6 and < 3.0.0", [hex: :appsignal, repo: "hexpm", optional: false]}, {:plug, ">= 1.1.0", [hex: :plug, repo: "hexpm", optional: false]}, {:telemetry, "~> 0.4 or ~> 1.0", [hex: :telemetry, repo: "hexpm", optional: false]}], "hexpm", "1c6059049e2081e808aaef04e2b9917e06277f61a35a0e103db860d08cbc41f1"},
  "ash": {:hex, :ash, "3.4.56", "2591ef830200b9840b1915b6e2889518964d6852a44e58f06a0752f7b9e114a3", [:mix], [{:decimal, "~> 2.0", [hex: :decimal, repo: "hexpm", optional: false]}, {:ecto, "~> 3.7", [hex: :ecto, repo: "hexpm", optional: false]}, {:ets, "~> 0.8", [hex: :ets, repo: "hexpm", optional: false]}, {:igniter, ">= 0.4.8 and < 1.0.0-0", [hex: :igniter, repo: "hexpm", optional: true]}, {:jason, ">= 1.0.0", [hex: :jason, repo: "hexpm", optional: false]}, {:owl, "~> 0.11", [hex: :owl, repo: "hexpm", optional: false]}, {:picosat_elixir, "~> 0.2", [hex: :picosat_elixir, repo: "hexpm", optional: true]}, {:plug, ">= 0.0.0", [hex: :plug, repo: "hexpm", optional: true]}, {:reactor, "~> 0.9", [hex: :reactor, repo: "hexpm", optional: false]}, {:simple_sat, ">= 0.1.1 and < 1.0.0-0", [hex: :simple_sat, repo: "hexpm", optional: true]}, {:spark, ">= 2.2.29 and < 3.0.0-0", [hex: :spark, repo: "hexpm", optional: false]}, {:splode, ">= 0.2.6 and < 1.0.0-0", [hex: :splode, repo: "hexpm", optional: false]}, {:stream_data, "~> 1.0", [hex: :stream_data, repo: "hexpm", optional: false]}, {:telemetry, "~> 1.1", [hex: :telemetry, repo: "hexpm", optional: false]}], "hexpm", "c7d8091db87aa72b7a9e1082edea5b17308942b58c4f24c2d01499db6de05486"},
  "ash_admin": {:hex, :ash_admin, "0.12.6", "ffebd80dd4af1b14aa85d589e40cdb94d6751db207e3c39634cf744a51c83f7d", [:mix], [{:ash, ">= 3.4.47 and < 4.0.0-0", [hex: :ash, repo: "hexpm", optional: false]}, {:ash_phoenix, ">= 2.1.8 and < 3.0.0-0", [hex: :ash_phoenix, repo: "hexpm", optional: false]}, {:gettext, "~> 0.26", [hex: :gettext, repo: "hexpm", optional: false]}, {:jason, "~> 1.0", [hex: :jason, repo: "hexpm", optional: false]}, {:phoenix, "~> 1.7", [hex: :phoenix, repo: "hexpm", optional: false]}, {:phoenix_html, "~> 4.1", [hex: :phoenix_html, repo: "hexpm", optional: false]}, {:phoenix_live_view, "~> 1.0", [hex: :phoenix_live_view, repo: "hexpm", optional: false]}, {:phoenix_view, "~> 2.0", [hex: :phoenix_view, repo: "hexpm", optional: false]}], "hexpm", "15ea0c8a73b897c3c81300913b9e03fa162b7796e458c550869820bf39fa39ed"},
  "ash_appsignal": {:hex, :ash_appsignal, "0.1.3", "90c0ed1b3aedd18b892352d2a7632641f9ef8f2d3b04caec2bdc810cb8900524", [:mix], [{:appsignal, "~> 2.0", [hex: :appsignal, repo: "hexpm", optional: false]}, {:ash, "~> 3.0", [hex: :ash, repo: "hexpm", optional: false]}], "hexpm", "43b1691c9e83a27a355ee1d2c047a79e18adac99eb7e8f1a532feebfe2a07a14"},
  "ash_blog": {:git, "https://github.com/ash-project/ash_blog.git", "78f7a875299f6d143f65a8c5387ca9651dd2b3a5", []},
  "ash_csv": {:hex, :ash_csv, "0.9.7", "179dba2b83ef74661ad8b9be81630fe88449c8ee4de84586816017962fc627f3", [:mix], [{:ash, "~> 3.0", [hex: :ash, repo: "hexpm", optional: false]}, {:csv, "~> 3.0", [hex: :csv, repo: "hexpm", optional: false]}], "hexpm", "32b11cb9708cc89065fb5c322ebd265fce3c7e8d70ac62bdbd12711d9b5dfcb8"},
  "ash_graphql": {:hex, :ash_graphql, "1.5.0", "29dce267c7bd86fa7c94feb5ce861674d46046e528299f095db659411f32cd24", [:mix], [{:absinthe, "~> 1.7", [hex: :absinthe, repo: "hexpm", optional: false]}, {:absinthe_phoenix, "~> 2.0.0", [hex: :absinthe_phoenix, repo: "hexpm", optional: true]}, {:absinthe_plug, "~> 1.4", [hex: :absinthe_plug, repo: "hexpm", optional: false]}, {:ash, ">= 3.2.3 and < 4.0.0-0", [hex: :ash, repo: "hexpm", optional: false]}, {:igniter, ">= 0.3.34 and < 1.0.0-0", [hex: :igniter, repo: "hexpm", optional: true]}, {:jason, "~> 1.2", [hex: :jason, repo: "hexpm", optional: false]}, {:owl, "~> 0.11", [hex: :owl, repo: "hexpm", optional: false]}, {:spark, ">= 2.2.10 and < 3.0.0-0", [hex: :spark, repo: "hexpm", optional: false]}], "hexpm", "7657ad63d2fba2feeac3ce9b158077e7b8cdcd823573c8888619de8ba929c188"},
  "ash_json_api": {:hex, :ash_json_api, "1.4.16", "fa6678d398e147a23907fe5b1218eb30d1338c526f7f0da2ecdf9fbcf1fbd773", [:mix], [{:ash, "~> 3.3", [hex: :ash, repo: "hexpm", optional: false]}, {:igniter, ">= 0.3.58 and < 1.0.0-0", [hex: :igniter, repo: "hexpm", optional: true]}, {:jason, "~> 1.1", [hex: :jason, repo: "hexpm", optional: false]}, {:json_xema, "~> 0.4", [hex: :json_xema, repo: "hexpm", optional: false]}, {:open_api_spex, "~> 3.16", [hex: :open_api_spex, repo: "hexpm", optional: true]}, {:plug, "~> 1.11", [hex: :plug, repo: "hexpm", optional: false]}, {:spark, ">= 2.2.10 and < 3.0.0-0", [hex: :spark, repo: "hexpm", optional: false]}], "hexpm", "88a21465503077f06e001ce25e540c5919be8c6abdb1010f923d6f7d2a0c1c66"},
  "ash_oban": {:hex, :ash_oban, "0.2.6", "380f74cfd789e6ae0e013c2e9b406362908b109379bcd168e1e3a580a5e28542", [:mix], [{:ash, "~> 3.0", [hex: :ash, repo: "hexpm", optional: false]}, {:oban, "~> 2.15", [hex: :oban, repo: "hexpm", optional: false]}, {:postgrex, "~> 0.18", [hex: :postgrex, repo: "hexpm", optional: false]}], "hexpm", "70de3974d2d2a1dde8001c69951e26da2841719700a6a0fb1bd3b9a7b5bbe6b8"},
  "ash_phoenix": {:hex, :ash_phoenix, "2.1.14", "da4126b1d85fbb422ceb339c05ebca79ee9aca4f434faad8a60ea07d42989c72", [:mix], [{:ash, ">= 3.4.31 and < 4.0.0-0", [hex: :ash, repo: "hexpm", optional: false]}, {:igniter, ">= 0.4.3 and < 1.0.0-0", [hex: :igniter, repo: "hexpm", optional: true]}, {:phoenix, "~> 1.5.6 or ~> 1.6", [hex: :phoenix, repo: "hexpm", optional: false]}, {:phoenix_html, "~> 4.0", [hex: :phoenix_html, repo: "hexpm", optional: false]}, {:phoenix_live_view, "~> 0.20.3 or ~> 1.0-rc.1", [hex: :phoenix_live_view, repo: "hexpm", optional: false]}, {:spark, ">= 2.2.29 and < 3.0.0-0", [hex: :spark, repo: "hexpm", optional: false]}], "hexpm", "6fa93b686083c5a64d053a955881206ea26c3ad3fc0310ddbad8df769daa5fab"},
  "ash_postgres": {:hex, :ash_postgres, "2.5.0", "e3db76855b67ed6c4d2148c32e866ff39e88d674460885b06bd58870aa028e75", [:mix], [{:ash, ">= 3.4.48 and < 4.0.0-0", [hex: :ash, repo: "hexpm", optional: false]}, {:ash_sql, ">= 0.2.43 and < 1.0.0-0", [hex: :ash_sql, repo: "hexpm", optional: false]}, {:ecto, ">= 3.12.1 and < 4.0.0-0", [hex: :ecto, repo: "hexpm", optional: false]}, {:ecto_sql, "~> 3.12", [hex: :ecto_sql, repo: "hexpm", optional: false]}, {:igniter, ">= 0.4.4 and < 1.0.0-0", [hex: :igniter, repo: "hexpm", optional: true]}, {:inflex, "~> 2.1", [hex: :inflex, repo: "hexpm", optional: false]}, {:jason, "~> 1.0", [hex: :jason, repo: "hexpm", optional: false]}, {:owl, "~> 0.11", [hex: :owl, repo: "hexpm", optional: false]}, {:postgrex, ">= 0.0.0", [hex: :postgrex, repo: "hexpm", optional: false]}], "hexpm", "16124c9ebae3f4586ff6e550b5ab6ab0ed66aa07560c04a324c3c03d9ecd42f6"},
  "ash_sql": {:hex, :ash_sql, "0.2.47", "812194f28ffe88cb6ff30c32615e08fe49c4157dbc2cc80bf11f4844192c1f24", [:mix], [{:ash, ">= 3.1.7 and < 4.0.0-0", [hex: :ash, repo: "hexpm", optional: false]}, {:ecto, "~> 3.9", [hex: :ecto, repo: "hexpm", optional: false]}, {:ecto_sql, "~> 3.9", [hex: :ecto_sql, repo: "hexpm", optional: false]}], "hexpm", "1c3563c10d29b7e36498ee58fe652882ce4931d6a736025c6ccf7e862ddda191"},
  "bandit": {:hex, :bandit, "1.6.5", "24096d6232e0d050096acec96a0a382c44de026f9b591b883ed45497e1ef4916", [:mix], [{:hpax, "~> 1.0", [hex: :hpax, repo: "hexpm", optional: false]}, {:plug, "~> 1.14", [hex: :plug, repo: "hexpm", optional: false]}, {:telemetry, "~> 0.4 or ~> 1.0", [hex: :telemetry, repo: "hexpm", optional: false]}, {:thousand_island, "~> 1.0", [hex: :thousand_island, repo: "hexpm", optional: false]}, {:websock, "~> 0.5", [hex: :websock, repo: "hexpm", optional: false]}], "hexpm", "b6b91f630699c8b41f3f0184bd4f60b281e19a336ad9dc1a0da90637b6688332"},
  "bcrypt_elixir": {:hex, :bcrypt_elixir, "3.2.0", "feab711974beba4cb348147170346fe097eea2e840db4e012a145e180ed4ab75", [:make, :mix], [{:comeonin, "~> 5.3", [hex: :comeonin, repo: "hexpm", optional: false]}, {:elixir_make, "~> 0.6", [hex: :elixir_make, repo: "hexpm", optional: false]}], "hexpm", "563e92a6c77d667b19c5f4ba17ab6d440a085696bdf4c68b9b0f5b30bc5422b8"},
  "bunt": {:hex, :bunt, "1.0.0", "081c2c665f086849e6d57900292b3a161727ab40431219529f13c4ddcf3e7a44", [:mix], [], "hexpm", "dc5f86aa08a5f6fa6b8096f0735c4e76d54ae5c9fa2c143e5a1fc7c1cd9bb6b5"},
  "castore": {:hex, :castore, "1.0.11", "4bbd584741601eb658007339ea730b082cc61f3554cf2e8f39bf693a11b49073", [:mix], [], "hexpm", "e03990b4db988df56262852f20de0f659871c35154691427a5047f4967a16a62"},
  "certifi": {:hex, :certifi, "2.12.0", "2d1cca2ec95f59643862af91f001478c9863c2ac9cb6e2f89780bfd8de987329", [:rebar3], [], "hexpm", "ee68d85df22e554040cdb4be100f33873ac6051387baf6a8f6ce82272340ff1c"},
  "chacha20": {:hex, :chacha20, "1.0.4", "0359d8f9a32269271044c1b471d5cf69660c362a7c61a98f73a05ef0b5d9eb9e", [:mix], [], "hexpm", "2027f5d321ae9903f1f0da7f51b0635ad6b8819bc7fe397837930a2011bc2349"},
  "cloak": {:hex, :cloak, "1.1.4", "aba387b22ea4d80d92d38ab1890cc528b06e0e7ef2a4581d71c3fdad59e997e7", [:mix], [{:jason, "~> 1.0", [hex: :jason, repo: "hexpm", optional: true]}], "hexpm", "92b20527b9aba3d939fab0dd32ce592ff86361547cfdc87d74edce6f980eb3d7"},
  "comeonin": {:hex, :comeonin, "5.5.0", "364d00df52545c44a139bad919d7eacb55abf39e86565878e17cebb787977368", [:mix], [], "hexpm", "6287fc3ba0aad34883cbe3f7949fc1d1e738e5ccdce77165bc99490aa69f47fb"},
  "conv_case": {:hex, :conv_case, "0.2.3", "c1455c27d3c1ffcdd5f17f1e91f40b8a0bc0a337805a6e8302f441af17118ed8", [:mix], [], "hexpm", "88f29a3d97d1742f9865f7e394ed3da011abb7c5e8cc104e676fdef6270d4b4a"},
  "cowlib": {:hex, :remedy_cowlib, "2.11.1", "7abb4d0779a7d1c655f7642dc0bd0af754951e95005dfa01b500c68fe35a5961", [:rebar3], [], "hexpm", "0b613dc308e080cb6134285f1b1b55c3873e101652e70c70010fc6651c91b130"},
  "credo": {:hex, :credo, "1.7.10", "6e64fe59be8da5e30a1b96273b247b5cf1cc9e336b5fd66302a64b25749ad44d", [:mix], [{:bunt, "~> 0.2.1 or ~> 1.0", [hex: :bunt, repo: "hexpm", optional: false]}, {:file_system, "~> 0.2 or ~> 1.0", [hex: :file_system, repo: "hexpm", optional: false]}, {:jason, "~> 1.0", [hex: :jason, repo: "hexpm", optional: false]}], "hexpm", "71fbc9a6b8be21d993deca85bf151df023a3097b01e09a2809d460348561d8cd"},
  "csv": {:hex, :csv, "3.2.1", "6d401f1ed33acb2627682a9ab6021e96d33ca6c1c6bccc243d8f7e2197d032f5", [:mix], [], "hexpm", "8f55a0524923ae49e97ff2642122a2ce7c61e159e7fe1184670b2ce847aee6c8"},
  "curve25519": {:hex, :curve25519, "1.0.5", "f801179424e4012049fcfcfcda74ac04f65d0ffceeb80e7ef1d3352deb09f5bb", [:mix], [], "hexpm", "0fba3ad55bf1154d4d5fc3ae5fb91b912b77b13f0def6ccb3a5d58168ff4192d"},
  "db_connection": {:hex, :db_connection, "2.7.0", "b99faa9291bb09892c7da373bb82cba59aefa9b36300f6145c5f201c7adf48ec", [:mix], [{:telemetry, "~> 0.4 or ~> 1.0", [hex: :telemetry, repo: "hexpm", optional: false]}], "hexpm", "dcf08f31b2701f857dfc787fbad78223d61a32204f217f15e881dd93e4bdd3ff"},
  "decimal": {:hex, :decimal, "2.3.0", "3ad6255aa77b4a3c4f818171b12d237500e63525c2fd056699967a3e7ea20f62", [:mix], [], "hexpm", "a4d66355cb29cb47c3cf30e71329e58361cfcb37c34235ef3bf1d7bf3773aeac"},
  "decorator": {:hex, :decorator, "1.4.0", "a57ac32c823ea7e4e67f5af56412d12b33274661bb7640ec7fc882f8d23ac419", [:mix], [], "hexpm", "0a07cedd9083da875c7418dea95b78361197cf2bf3211d743f6f7ce39656597f"},
  "dialyxir": {:hex, :dialyxir, "1.4.5", "ca1571ac18e0f88d4ab245f0b60fa31ff1b12cbae2b11bd25d207f865e8ae78a", [:mix], [{:erlex, ">= 0.2.7", [hex: :erlex, repo: "hexpm", optional: false]}], "hexpm", "b0fb08bb8107c750db5c0b324fa2df5ceaa0f9307690ee3c1f6ba5b9eb5d35c3"},
  "earmark": {:hex, :earmark, "1.5.0-pre1", "e04aca73692bc3cda3429d6df99c8dae2bf76411e5e76d006a4bc04ac81ef1c1", [:mix], [{:earmark_parser, "~> 1.4.21", [hex: :earmark_parser, repo: "hexpm", optional: false]}], "hexpm", "26ec0473ad2ef995b9672f89309a7a4952887f69b78cfc7af14e320bc6546bfa"},
  "earmark_parser": {:hex, :earmark_parser, "1.4.42", "f23d856f41919f17cd06a493923a722d87a2d684f143a1e663c04a2b93100682", [:mix], [], "hexpm", "6915b6ca369b5f7346636a2f41c6a6d78b5af419d61a611079189233358b8b8b"},
  "ecto": {:hex, :ecto, "3.12.5", "4a312960ce612e17337e7cefcf9be45b95a3be6b36b6f94dfb3d8c361d631866", [:mix], [{:decimal, "~> 2.0", [hex: :decimal, repo: "hexpm", optional: false]}, {:jason, "~> 1.0", [hex: :jason, repo: "hexpm", optional: true]}, {:telemetry, "~> 0.4 or ~> 1.0", [hex: :telemetry, repo: "hexpm", optional: false]}], "hexpm", "6eb18e80bef8bb57e17f5a7f068a1719fbda384d40fc37acb8eb8aeca493b6ea"},
  "ecto_psql_extras": {:hex, :ecto_psql_extras, "0.8.3", "0c1df205bd051eaf599b3671e75356b121aa71eac09b63ecf921cb1a080c072e", [:mix], [{:ecto_sql, "~> 3.7", [hex: :ecto_sql, repo: "hexpm", optional: false]}, {:postgrex, "> 0.16.0 and < 0.20.0", [hex: :postgrex, repo: "hexpm", optional: false]}, {:table_rex, "~> 3.1.1 or ~> 4.0.0", [hex: :table_rex, repo: "hexpm", optional: false]}], "hexpm", "d0e35ea160359e759a2993a00c3a5389a9ca7ece6df5d0753fa927f988c7351a"},
  "ecto_sql": {:hex, :ecto_sql, "3.12.1", "c0d0d60e85d9ff4631f12bafa454bc392ce8b9ec83531a412c12a0d415a3a4d0", [:mix], [{:db_connection, "~> 2.4.1 or ~> 2.5", [hex: :db_connection, repo: "hexpm", optional: false]}, {:ecto, "~> 3.12", [hex: :ecto, repo: "hexpm", optional: false]}, {:myxql, "~> 0.7", [hex: :myxql, repo: "hexpm", optional: true]}, {:postgrex, "~> 0.19 or ~> 1.0", [hex: :postgrex, repo: "hexpm", optional: true]}, {:tds, "~> 2.1.1 or ~> 2.2", [hex: :tds, repo: "hexpm", optional: true]}, {:telemetry, "~> 0.4.0 or ~> 1.0", [hex: :telemetry, repo: "hexpm", optional: false]}], "hexpm", "aff5b958a899762c5f09028c847569f7dfb9cc9d63bdb8133bff8a5546de6bf5"},
  "ed25519": {:hex, :ed25519, "1.4.1", "479fb83c3e31987c9cad780e6aeb8f2015fb5a482618cdf2a825c9aff809afc4", [:mix], [], "hexpm", "0dacb84f3faa3d8148e81019ca35f9d8dcee13232c32c9db5c2fb8ff48c80ec7"},
  "eflame": {:hex, :eflame, "1.0.1", "0664d287e39eef3c413749254b3af5f4f8b00be71c1af67d325331c4890be0fc", [:mix], [], "hexpm", "e0b08854a66f9013129de0b008488f3411ae9b69b902187837f994d7a99cf04e"},
  "elixir_make": {:hex, :elixir_make, "0.9.0", "6484b3cd8c0cee58f09f05ecaf1a140a8c97670671a6a0e7ab4dc326c3109726", [:mix], [], "hexpm", "db23d4fd8b757462ad02f8aa73431a426fe6671c80b200d9710caf3d1dd0ffdb"},
  "equivalex": {:hex, :equivalex, "1.0.3", "170d9a82ae066e0020dfe1cf7811381669565922eb3359f6c91d7e9a1124ff74", [:mix], [], "hexpm", "46fa311adb855117d36e461b9c0ad2598f72110ad17ad73d7533c78020e045fc"},
  "erlex": {:hex, :erlex, "0.2.7", "810e8725f96ab74d17aac676e748627a07bc87eb950d2b83acd29dc047a30595", [:mix], [], "hexpm", "3ed95f79d1a844c3f6bf0cea61e0d5612a42ce56da9c03f01df538685365efb0"},
  "esbuild": {:hex, :esbuild, "0.8.2", "5f379dfa383ef482b738e7771daf238b2d1cfb0222bef9d3b20d4c8f06c7a7ac", [:mix], [{:castore, ">= 0.0.0", [hex: :castore, repo: "hexpm", optional: false]}, {:jason, "~> 1.4", [hex: :jason, repo: "hexpm", optional: false]}], "hexpm", "558a8a08ed78eb820efbfda1de196569d8bfa9b51e8371a1934fbb31345feda7"},
  "ets": {:hex, :ets, "0.9.0", "79c6a6c205436780486f72d84230c6cba2f8a9920456750ddd1e47389107d5fd", [:mix], [], "hexpm", "2861fdfb04bcaeff370f1a5904eec864f0a56dcfebe5921ea9aadf2a481c822b"},
  "ex_check": {:hex, :ex_check, "0.16.0", "07615bef493c5b8d12d5119de3914274277299c6483989e52b0f6b8358a26b5f", [:mix], [], "hexpm", "4d809b72a18d405514dda4809257d8e665ae7cf37a7aee3be6b74a34dec310f5"},
  "ex_doc": {:hex, :ex_doc, "0.35.1", "de804c590d3df2d9d5b8aec77d758b00c814b356119b3d4455e4b8a8687aecaf", [:mix], [{:earmark_parser, "~> 1.4.39", [hex: :earmark_parser, repo: "hexpm", optional: false]}, {:makeup_c, ">= 0.1.0", [hex: :makeup_c, repo: "hexpm", optional: true]}, {:makeup_elixir, "~> 0.14 or ~> 1.0", [hex: :makeup_elixir, repo: "hexpm", optional: false]}, {:makeup_erlang, "~> 0.1 or ~> 1.0", [hex: :makeup_erlang, repo: "hexpm", optional: false]}, {:makeup_html, ">= 0.1.0", [hex: :makeup_html, repo: "hexpm", optional: true]}], "hexpm", "2121c6402c8d44b05622677b761371a759143b958c6c19f6558ff64d0aed40df"},
  "expo": {:hex, :expo, "1.1.0", "f7b9ed7fb5745ebe1eeedf3d6f29226c5dd52897ac67c0f8af62a07e661e5c75", [:mix], [], "hexpm", "fbadf93f4700fb44c331362177bdca9eeb8097e8b0ef525c9cc501cb9917c960"},
  "file_system": {:hex, :file_system, "1.0.1", "79e8ceaddb0416f8b8cd02a0127bdbababe7bf4a23d2a395b983c1f8b3f73edd", [:mix], [], "hexpm", "4414d1f38863ddf9120720cd976fce5bdde8e91d8283353f0e31850fa89feb9e"},
  "finch": {:hex, :finch, "0.19.0", "c644641491ea854fc5c1bbaef36bfc764e3f08e7185e1f084e35e0672241b76d", [:mix], [{:mime, "~> 1.0 or ~> 2.0", [hex: :mime, repo: "hexpm", optional: false]}, {:mint, "~> 1.6.2 or ~> 1.7", [hex: :mint, repo: "hexpm", optional: false]}, {:nimble_options, "~> 0.4 or ~> 1.0", [hex: :nimble_options, repo: "hexpm", optional: false]}, {:nimble_pool, "~> 1.1", [hex: :nimble_pool, repo: "hexpm", optional: false]}, {:telemetry, "~> 0.4 or ~> 1.0", [hex: :telemetry, repo: "hexpm", optional: false]}], "hexpm", "fc5324ce209125d1e2fa0fcd2634601c52a787aff1cd33ee833664a5af4ea2b6"},
  "flame": {:hex, :flame, "0.5.2", "d46c4daa19b8921b71e0e57dc69edc01ce1311b1976c160192b05d4253b336e8", [:mix], [{:castore, ">= 0.0.0", [hex: :castore, repo: "hexpm", optional: true]}, {:jason, ">= 0.0.0", [hex: :jason, repo: "hexpm", optional: true]}], "hexpm", "82560ebef6ab3c277875493d0c93494740c930db0b1a3ff1a570eee9206cc6c0"},
  "floki": {:hex, :floki, "0.37.0", "b83e0280bbc6372f2a403b2848013650b16640cd2470aea6701f0632223d719e", [:mix], [], "hexpm", "516a0c15a69f78c47dc8e0b9b3724b29608aa6619379f91b1ffa47109b5d0dd3"},
  "gen_stage": {:hex, :gen_stage, "1.2.1", "19d8b5e9a5996d813b8245338a28246307fd8b9c99d1237de199d21efc4c76a1", [:mix], [], "hexpm", "83e8be657fa05b992ffa6ac1e3af6d57aa50aace8f691fcf696ff02f8335b001"},
  "gettext": {:hex, :gettext, "0.26.2", "5978aa7b21fada6deabf1f6341ddba50bc69c999e812211903b169799208f2a8", [:mix], [{:expo, "~> 0.5.1 or ~> 1.0", [hex: :expo, repo: "hexpm", optional: false]}], "hexpm", "aa978504bcf76511efdc22d580ba08e2279caab1066b76bb9aa81c4a1e0a32a5"},
  "git_cli": {:hex, :git_cli, "0.3.0", "a5422f9b95c99483385b976f5d43f7e8233283a47cda13533d7c16131cb14df5", [:mix], [], "hexpm", "78cb952f4c86a41f4d3511f1d3ecb28edb268e3a7df278de2faa1bd4672eaf9b"},
  "git_ops": {:hex, :git_ops, "2.6.3", "38c6e381b8281b86e2911fa39bea4eab2d171c86d7428786566891efb73b68c3", [:mix], [{:git_cli, "~> 0.2", [hex: :git_cli, repo: "hexpm", optional: false]}, {:nimble_parsec, "~> 1.0", [hex: :nimble_parsec, repo: "hexpm", optional: false]}], "hexpm", "a81cb6c6a2a026a4d48cb9a2e1dfca203f9283a3a70aa0c7bc171970c44f23f8"},
  "glob_ex": {:hex, :glob_ex, "0.1.11", "cb50d3f1ef53f6ca04d6252c7fde09fd7a1cf63387714fe96f340a1349e62c93", [:mix], [], "hexpm", "342729363056e3145e61766b416769984c329e4378f1d558b63e341020525de4"},
  "gun": {:hex, :remedy_gun, "2.0.1", "0f0caed812ed9e4da4f144df2d5bf73b0a99481d395ecde990a3791decf321c6", [:rebar3], [{:cowlib, "~> 2.11.1", [hex: :remedy_cowlib, repo: "hexpm", optional: false]}], "hexpm", "b6685a85fbd12b757f86809be1b3d88fcef365b77605cd5aa34db003294c446e"},
  "hackney": {:hex, :hackney, "1.20.1", "8d97aec62ddddd757d128bfd1df6c5861093419f8f7a4223823537bad5d064e2", [:rebar3], [{:certifi, "~> 2.12.0", [hex: :certifi, repo: "hexpm", optional: false]}, {:idna, "~> 6.1.0", [hex: :idna, repo: "hexpm", optional: false]}, {:metrics, "~> 1.0.0", [hex: :metrics, repo: "hexpm", optional: false]}, {:mimerl, "~> 1.1", [hex: :mimerl, repo: "hexpm", optional: false]}, {:parse_trans, "3.4.1", [hex: :parse_trans, repo: "hexpm", optional: false]}, {:ssl_verify_fun, "~> 1.1.0", [hex: :ssl_verify_fun, repo: "hexpm", optional: false]}, {:unicode_util_compat, "~> 0.7.0", [hex: :unicode_util_compat, repo: "hexpm", optional: false]}], "hexpm", "fe9094e5f1a2a2c0a7d10918fee36bfec0ec2a979994cff8cfe8058cd9af38e3"},
  "haystack": {:hex, :haystack, "0.1.0", "6cb9c72caf40ed4a5f9a094e6b09993c68c3fda0e01280c60c331a19860c504c", [:mix], [{:jason, "~> 1.4", [hex: :jason, repo: "hexpm", optional: false]}, {:stemmer, "~> 1.1", [hex: :stemmer, repo: "hexpm", optional: false]}], "hexpm", "27a582513ef933c1b11345b96f8d41ee137d03b25312bd85068ffe8fec503635"},
  "hpax": {:hex, :hpax, "1.0.2", "762df951b0c399ff67cc57c3995ec3cf46d696e41f0bba17da0518d94acd4aac", [:mix], [], "hexpm", "2f09b4c1074e0abd846747329eaa26d535be0eb3d189fa69d812bfb8bfefd32f"},
  "html_entities": {:hex, :html_entities, "0.5.2", "9e47e70598da7de2a9ff6af8758399251db6dbb7eebe2b013f2bbd2515895c3c", [:mix], [], "hexpm", "c53ba390403485615623b9531e97696f076ed415e8d8058b1dbaa28181f4fdcc"},
  "idna": {:hex, :idna, "6.1.1", "8a63070e9f7d0c62eb9d9fcb360a7de382448200fbbd1b106cc96d3d8099df8d", [:rebar3], [{:unicode_util_compat, "~> 0.7.0", [hex: :unicode_util_compat, repo: "hexpm", optional: false]}], "hexpm", "92376eb7894412ed19ac475e4a86f7b413c1b9fbb5bd16dccd57934157944cea"},
  "igniter": {:hex, :igniter, "0.5.0", "00984e515c4bcd0aa0cffec83612e19041295f834392c4426e9cb0a67de16eb1", [:mix], [{:glob_ex, "~> 0.1.7", [hex: :glob_ex, repo: "hexpm", optional: false]}, {:jason, "~> 1.4", [hex: :jason, repo: "hexpm", optional: false]}, {:rewrite, ">= 1.1.1 and < 2.0.0-0", [hex: :rewrite, repo: "hexpm", optional: false]}, {:sourceror, "~> 1.4", [hex: :sourceror, repo: "hexpm", optional: false]}, {:spitfire, ">= 0.1.3 and < 1.0.0-0", [hex: :spitfire, repo: "hexpm", optional: false]}], "hexpm", "4cbb8acc908343bf79d90697d593b9d1bbce49ae72a0d755664d4cfe897dba53"},
  "inflex": {:hex, :inflex, "2.1.0", "a365cf0821a9dacb65067abd95008ca1b0bb7dcdd85ae59965deef2aa062924c", [:mix], [], "hexpm", "14c17d05db4ee9b6d319b0bff1bdf22aa389a25398d1952c7a0b5f3d93162dd8"},
  "iterex": {:hex, :iterex, "0.1.2", "58f9b9b9a22a55cbfc7b5234a9c9c63eaac26d276b3db80936c0e1c60355a5a6", [:mix], [], "hexpm", "2e103b8bcc81757a9af121f6dc0df312c9a17220f302b1193ef720460d03029d"},
  "jason": {:hex, :jason, "1.4.4", "b9226785a9aa77b6857ca22832cffa5d5011a667207eb2a0ad56adb5db443b8a", [:mix], [{:decimal, "~> 1.0 or ~> 2.0", [hex: :decimal, repo: "hexpm", optional: true]}], "hexpm", "c5eb0cab91f094599f94d55bc63409236a8ec69a21a67814529e8d5f6cc90b3b"},
  "json_xema": {:hex, :json_xema, "0.6.4", "a70ec373f54279369a0bd7c80a8ab2421fb317a68abdf2d9be71b34dbdc1ec78", [:mix], [{:conv_case, "~> 0.2", [hex: :conv_case, repo: "hexpm", optional: false]}, {:xema, "~> 0.16", [hex: :xema, repo: "hexpm", optional: false]}], "hexpm", "ee91cfd6720f8ad13245fa2c438e862e6d8f46e2d700c714d72d259dcac7dfbc"},
  "kcl": {:hex, :kcl, "1.4.2", "8b73a55a14899dc172fcb05a13a754ac171c8165c14f65043382d567922f44ab", [:mix], [{:curve25519, ">= 1.0.4", [hex: :curve25519, repo: "hexpm", optional: false]}, {:ed25519, "~> 1.3", [hex: :ed25519, repo: "hexpm", optional: false]}, {:poly1305, "~> 1.0", [hex: :poly1305, repo: "hexpm", optional: false]}, {:salsa20, "~> 1.0", [hex: :salsa20, repo: "hexpm", optional: false]}], "hexpm", "9f083dd3844d902df6834b258564a82b21a15eb9f6acdc98e8df0c10feeabf05"},
  "libcluster": {:hex, :libcluster, "3.5.0", "5ee4cfde4bdf32b2fef271e33ce3241e89509f4344f6c6a8d4069937484866ba", [:mix], [{:jason, "~> 1.1", [hex: :jason, repo: "hexpm", optional: false]}, {:telemetry, "~> 1.3", [hex: :telemetry, repo: "hexpm", optional: false]}], "hexpm", "ebf6561fcedd765a4cd43b4b8c04b1c87f4177b5fb3cbdfe40a780499d72f743"},
  "libgraph": {:hex, :libgraph, "0.16.0", "3936f3eca6ef826e08880230f806bfea13193e49bf153f93edcf0239d4fd1d07", [:mix], [], "hexpm", "41ca92240e8a4138c30a7e06466acc709b0cbb795c643e9e17174a178982d6bf"},
  "makeup": {:hex, :makeup, "1.2.1", "e90ac1c65589ef354378def3ba19d401e739ee7ee06fb47f94c687016e3713d1", [:mix], [{:nimble_parsec, "~> 1.4", [hex: :nimble_parsec, repo: "hexpm", optional: false]}], "hexpm", "d36484867b0bae0fea568d10131197a4c2e47056a6fbe84922bf6ba71c8d17ce"},
  "makeup_eex": {:hex, :makeup_eex, "1.0.0", "436d4c00204c250b17a775d64e197798aaf374627e6a4f2d3fd3074a8db61db4", [:mix], [{:makeup, "~> 1.2.1 or ~> 1.3", [hex: :makeup, repo: "hexpm", optional: false]}, {:makeup_elixir, "~> 1.0", [hex: :makeup_elixir, repo: "hexpm", optional: false]}, {:makeup_html, "~> 0.1.0 or ~> 1.0", [hex: :makeup_html, repo: "hexpm", optional: false]}, {:nimble_parsec, "~> 1.2", [hex: :nimble_parsec, repo: "hexpm", optional: false]}], "hexpm", "3bb699bc519e4f509f1bf8a2e0ba0e08429edf3580053cd31a4f9c1bc5da86c8"},
  "makeup_elixir": {:hex, :makeup_elixir, "1.0.1", "e928a4f984e795e41e3abd27bfc09f51db16ab8ba1aebdba2b3a575437efafc2", [:mix], [{:makeup, "~> 1.0", [hex: :makeup, repo: "hexpm", optional: false]}, {:nimble_parsec, "~> 1.2.3 or ~> 1.3", [hex: :nimble_parsec, repo: "hexpm", optional: false]}], "hexpm", "7284900d412a3e5cfd97fdaed4f5ed389b8f2b4cb49efc0eb3bd10e2febf9507"},
  "makeup_erlang": {:hex, :makeup_erlang, "1.0.1", "c7f58c120b2b5aa5fd80d540a89fdf866ed42f1f3994e4fe189abebeab610839", [:mix], [{:makeup, "~> 1.0", [hex: :makeup, repo: "hexpm", optional: false]}], "hexpm", "8a89a1eeccc2d798d6ea15496a6e4870b75e014d1af514b1b71fa33134f57814"},
  "makeup_graphql": {:hex, :makeup_graphql, "0.1.2", "81e2939aab6d2b81d39ee5d9e13fae02599e9ca6e1152e0eeed737a98a5f96aa", [:mix], [{:makeup, "~> 1.0", [hex: :makeup, repo: "hexpm", optional: false]}, {:nimble_parsec, "~> 1.1", [hex: :nimble_parsec, repo: "hexpm", optional: false]}], "hexpm", "3390ab04ba388d52a94bbe64ef62aa4d7923ceaffac43ec948f58f631440e8fb"},
  "makeup_html": {:hex, :makeup_html, "0.1.2", "19d4050c0978a4f1618ffe43054c0049f91fe5feeb9ae8d845b5dc79c6008ae5", [:mix], [{:makeup, "~> 1.2", [hex: :makeup, repo: "hexpm", optional: false]}], "hexpm", "b7fb9afedd617d167e6644a0430e49c1279764bfd3153da716d4d2459b0998c5"},
  "makeup_js": {:hex, :makeup_js, "0.1.0", "ffa8ce9db95d14dcd09045334539d5992d540d63598c592d4805b7674bdd6675", [:mix], [{:makeup, "~> 1.0", [hex: :makeup, repo: "hexpm", optional: false]}], "hexpm", "3f0c1a5eb52c9737b1679c926574e83bb260ccdedf08b58ee96cca7c685dea75"},
  "makeup_sql": {:hex, :makeup_sql, "0.1.2", "1646a8b3be1e1394a7a1617461f4b2cfcc965b41d28f1dc795971cfd00436f32", [:mix], [{:makeup, "~> 1.0", [hex: :makeup, repo: "hexpm", optional: false]}, {:nimble_parsec, "~> 1.1", [hex: :nimble_parsec, repo: "hexpm", optional: false]}], "hexpm", "46cda46d2857c050939d4dff9094313da79ffd7a0e0f29c76f7cb81a34cb4569"},
  "metrics": {:hex, :metrics, "1.0.1", "25f094dea2cda98213cecc3aeff09e940299d950904393b2a29d191c346a8486", [:rebar3], [], "hexpm", "69b09adddc4f74a40716ae54d140f93beb0fb8978d8636eaded0c31b6f099f16"},
  "mime": {:hex, :mime, "2.0.6", "8f18486773d9b15f95f4f4f1e39b710045fa1de891fada4516559967276e4dc2", [:mix], [], "hexpm", "c9945363a6b26d747389aac3643f8e0e09d30499a138ad64fe8fd1d13d9b153e"},
  "mimerl": {:hex, :mimerl, "1.3.0", "d0cd9fc04b9061f82490f6581e0128379830e78535e017f7780f37fea7545726", [:rebar3], [], "hexpm", "a1e15a50d1887217de95f0b9b0793e32853f7c258a5cd227650889b38839fe9d"},
  "mint": {:hex, :mint, "1.6.2", "af6d97a4051eee4f05b5500671d47c3a67dac7386045d87a904126fd4bbcea2e", [:mix], [{:castore, "~> 0.1.0 or ~> 1.0", [hex: :castore, repo: "hexpm", optional: true]}, {:hpax, "~> 0.1.1 or ~> 0.2.0 or ~> 1.0", [hex: :hpax, repo: "hexpm", optional: false]}], "hexpm", "5ee441dffc1892f1ae59127f74afe8fd82fda6587794278d924e4d90ea3d63f9"},
  "nimble_options": {:hex, :nimble_options, "1.1.1", "e3a492d54d85fc3fd7c5baf411d9d2852922f66e69476317787a7b2bb000a61b", [:mix], [], "hexpm", "821b2470ca9442c4b6984882fe9bb0389371b8ddec4d45a9504f00a66f650b44"},
  "nimble_parsec": {:hex, :nimble_parsec, "1.4.2", "8efba0122db06df95bfaa78f791344a89352ba04baedd3849593bfce4d0dc1c6", [:mix], [], "hexpm", "4b21398942dda052b403bbe1da991ccd03a053668d147d53fb8c4e0efe09c973"},
  "nimble_pool": {:hex, :nimble_pool, "1.1.0", "bf9c29fbdcba3564a8b800d1eeb5a3c58f36e1e11d7b7fb2e084a643f645f06b", [:mix], [], "hexpm", "af2e4e6b34197db81f7aad230c1118eac993acc0dae6bc83bac0126d4ae0813a"},
  "nostrum": {:git, "https://github.com/zachdaniel/nostrum.git", "00110f97fb2a9534cf506bca01b79fd092b32581", []},
  "oban": {:hex, :oban, "2.19.0", "dfb8fa028ce7e7cf3be3481a47a7c8ebf9428d6df0aa58c1388a8e63f7ff2797", [:mix], [{:ecto_sql, "~> 3.10", [hex: :ecto_sql, repo: "hexpm", optional: false]}, {:ecto_sqlite3, "~> 0.9", [hex: :ecto_sqlite3, repo: "hexpm", optional: true]}, {:igniter, "~> 0.5", [hex: :igniter, repo: "hexpm", optional: true]}, {:jason, "~> 1.1", [hex: :jason, repo: "hexpm", optional: true]}, {:myxql, "~> 0.7", [hex: :myxql, repo: "hexpm", optional: true]}, {:postgrex, "~> 0.16", [hex: :postgrex, repo: "hexpm", optional: true]}, {:telemetry, "~> 0.4 or ~> 1.0", [hex: :telemetry, repo: "hexpm", optional: false]}], "hexpm", "aa3eb7cfa2aea8ecc4df4787b92ddb61ad5a598f07560937d1dd5dbb1ed225e2"},
  "open_api_spex": {:hex, :open_api_spex, "3.21.2", "6a704f3777761feeb5657340250d6d7332c545755116ca98f33d4b875777e1e5", [:mix], [{:decimal, "~> 1.0 or ~> 2.0", [hex: :decimal, repo: "hexpm", optional: true]}, {:jason, "~> 1.0", [hex: :jason, repo: "hexpm", optional: true]}, {:plug, "~> 1.7", [hex: :plug, repo: "hexpm", optional: false]}, {:poison, "~> 3.0 or ~> 4.0 or ~> 5.0 or ~> 6.0", [hex: :poison, repo: "hexpm", optional: true]}, {:ymlr, "~> 2.0 or ~> 3.0 or ~> 4.0 or ~> 5.0", [hex: :ymlr, repo: "hexpm", optional: true]}], "hexpm", "f42ae6ed668b895ebba3e02773cfb4b41050df26f803f2ef634c72a7687dc387"},
  "owl": {:hex, :owl, "0.12.0", "0c4b48f90797a7f5f09ebd67ba7ebdc20761c3ec9c7928dfcafcb6d3c2d25c99", [:mix], [{:ucwidth, "~> 0.2", [hex: :ucwidth, repo: "hexpm", optional: true]}], "hexpm", "241d85ae62824dd72f9b2e4a5ba4e69ebb9960089a3c68ce6c1ddf2073db3c15"},
  "parse_trans": {:hex, :parse_trans, "3.4.1", "6e6aa8167cb44cc8f39441d05193be6e6f4e7c2946cb2759f015f8c56b76e5ff", [:rebar3], [], "hexpm", "620a406ce75dada827b82e453c19cf06776be266f5a67cff34e1ef2cbb60e49a"},
  "phoenix": {:hex, :phoenix, "1.7.18", "5310c21443514be44ed93c422e15870aef254cf1b3619e4f91538e7529d2b2e4", [:mix], [{:castore, ">= 0.0.0", [hex: :castore, repo: "hexpm", optional: false]}, {:jason, "~> 1.0", [hex: :jason, repo: "hexpm", optional: true]}, {:phoenix_pubsub, "~> 2.1", [hex: :phoenix_pubsub, repo: "hexpm", optional: false]}, {:phoenix_template, "~> 1.0", [hex: :phoenix_template, repo: "hexpm", optional: false]}, {:phoenix_view, "~> 2.0", [hex: :phoenix_view, repo: "hexpm", optional: true]}, {:plug, "~> 1.14", [hex: :plug, repo: "hexpm", optional: false]}, {:plug_cowboy, "~> 2.7", [hex: :plug_cowboy, repo: "hexpm", optional: true]}, {:plug_crypto, "~> 1.2 or ~> 2.0", [hex: :plug_crypto, repo: "hexpm", optional: false]}, {:telemetry, "~> 0.4 or ~> 1.0", [hex: :telemetry, repo: "hexpm", optional: false]}, {:websock_adapter, "~> 0.5.3", [hex: :websock_adapter, repo: "hexpm", optional: false]}], "hexpm", "1797fcc82108442a66f2c77a643a62980f342bfeb63d6c9a515ab8294870004e"},
  "phoenix_ecto": {:hex, :phoenix_ecto, "4.6.3", "f686701b0499a07f2e3b122d84d52ff8a31f5def386e03706c916f6feddf69ef", [:mix], [{:ecto, "~> 3.5", [hex: :ecto, repo: "hexpm", optional: false]}, {:phoenix_html, "~> 2.14.2 or ~> 3.0 or ~> 4.1", [hex: :phoenix_html, repo: "hexpm", optional: true]}, {:plug, "~> 1.9", [hex: :plug, repo: "hexpm", optional: false]}, {:postgrex, "~> 0.16 or ~> 1.0", [hex: :postgrex, repo: "hexpm", optional: true]}], "hexpm", "909502956916a657a197f94cc1206d9a65247538de8a5e186f7537c895d95764"},
  "phoenix_html": {:hex, :phoenix_html, "4.2.0", "83a4d351b66f472ebcce242e4ae48af1b781866f00ef0eb34c15030d4e2069ac", [:mix], [], "hexpm", "9713b3f238d07043583a94296cc4bbdceacd3b3a6c74667f4df13971e7866ec8"},
  "phoenix_html_helpers": {:hex, :phoenix_html_helpers, "1.0.1", "7eed85c52eff80a179391036931791ee5d2f713d76a81d0d2c6ebafe1e11e5ec", [:mix], [{:phoenix_html, "~> 4.0", [hex: :phoenix_html, repo: "hexpm", optional: false]}, {:plug, "~> 1.5", [hex: :plug, repo: "hexpm", optional: true]}], "hexpm", "cffd2385d1fa4f78b04432df69ab8da63dc5cf63e07b713a4dcf36a3740e3090"},
  "phoenix_live_dashboard": {:hex, :phoenix_live_dashboard, "0.8.6", "7b1f0327f54c9eb69845fd09a77accf922f488c549a7e7b8618775eb603a62c7", [:mix], [{:ecto, "~> 3.6.2 or ~> 3.7", [hex: :ecto, repo: "hexpm", optional: true]}, {:ecto_mysql_extras, "~> 0.5", [hex: :ecto_mysql_extras, repo: "hexpm", optional: true]}, {:ecto_psql_extras, "~> 0.7", [hex: :ecto_psql_extras, repo: "hexpm", optional: true]}, {:ecto_sqlite3_extras, "~> 1.1.7 or ~> 1.2.0", [hex: :ecto_sqlite3_extras, repo: "hexpm", optional: true]}, {:mime, "~> 1.6 or ~> 2.0", [hex: :mime, repo: "hexpm", optional: false]}, {:phoenix_live_view, "~> 0.19 or ~> 1.0", [hex: :phoenix_live_view, repo: "hexpm", optional: false]}, {:telemetry_metrics, "~> 0.6 or ~> 1.0", [hex: :telemetry_metrics, repo: "hexpm", optional: false]}], "hexpm", "1681ab813ec26ca6915beb3414aa138f298e17721dc6a2bde9e6eb8a62360ff6"},
  "phoenix_live_reload": {:hex, :phoenix_live_reload, "1.5.3", "f2161c207fda0e4fb55165f650f7f8db23f02b29e3bff00ff7ef161d6ac1f09d", [:mix], [{:file_system, "~> 0.3 or ~> 1.0", [hex: :file_system, repo: "hexpm", optional: false]}, {:phoenix, "~> 1.4", [hex: :phoenix, repo: "hexpm", optional: false]}], "hexpm", "b4ec9cd73cb01ff1bd1cac92e045d13e7030330b74164297d1aee3907b54803c"},
  "phoenix_live_view": {:hex, :phoenix_live_view, "1.0.2", "e7b1dd68c86326e2c45cc81da41e332cc8aa7228a7161e2c811dcd7f1dd14db1", [:mix], [{:floki, "~> 0.36", [hex: :floki, repo: "hexpm", optional: true]}, {:jason, "~> 1.0", [hex: :jason, repo: "hexpm", optional: true]}, {:phoenix, "~> 1.6.15 or ~> 1.7.0", [hex: :phoenix, repo: "hexpm", optional: false]}, {:phoenix_html, "~> 3.3 or ~> 4.0", [hex: :phoenix_html, repo: "hexpm", optional: false]}, {:phoenix_template, "~> 1.0", [hex: :phoenix_template, repo: "hexpm", optional: false]}, {:phoenix_view, "~> 2.0", [hex: :phoenix_view, repo: "hexpm", optional: true]}, {:plug, "~> 1.15", [hex: :plug, repo: "hexpm", optional: false]}, {:telemetry, "~> 0.4.2 or ~> 1.0", [hex: :telemetry, repo: "hexpm", optional: false]}], "hexpm", "8a40265b0cd7d3a35f136dfa3cc048e3b198fc3718763411a78c323a44ebebee"},
  "phoenix_pubsub": {:hex, :phoenix_pubsub, "2.1.3", "3168d78ba41835aecad272d5e8cd51aa87a7ac9eb836eabc42f6e57538e3731d", [:mix], [], "hexpm", "bba06bc1dcfd8cb086759f0edc94a8ba2bc8896d5331a1e2c2902bf8e36ee502"},
  "phoenix_template": {:hex, :phoenix_template, "1.0.4", "e2092c132f3b5e5b2d49c96695342eb36d0ed514c5b252a77048d5969330d639", [:mix], [{:phoenix_html, "~> 2.14.2 or ~> 3.0 or ~> 4.0", [hex: :phoenix_html, repo: "hexpm", optional: true]}], "hexpm", "2c0c81f0e5c6753faf5cca2f229c9709919aba34fab866d3bc05060c9c444206"},
  "phoenix_view": {:hex, :phoenix_view, "2.0.4", "b45c9d9cf15b3a1af5fb555c674b525391b6a1fe975f040fb4d913397b31abf4", [:mix], [{:phoenix_html, "~> 2.14.2 or ~> 3.0 or ~> 4.0", [hex: :phoenix_html, repo: "hexpm", optional: true]}, {:phoenix_template, "~> 1.0", [hex: :phoenix_template, repo: "hexpm", optional: false]}], "hexpm", "4e992022ce14f31fe57335db27a28154afcc94e9983266835bb3040243eb620b"},
  "picosat_elixir": {:hex, :picosat_elixir, "0.2.3", "bf326d0f179fbb3b706bb2c15fbc367dacfa2517157d090fdfc32edae004c597", [:make, :mix], [{:elixir_make, "~> 0.6", [hex: :elixir_make, repo: "hexpm", optional: false]}], "hexpm", "f76c9db2dec9d2561ffaa9be35f65403d53e984e8cd99c832383b7ab78c16c66"},
  "plug": {:hex, :plug, "1.16.1", "40c74619c12f82736d2214557dedec2e9762029b2438d6d175c5074c933edc9d", [:mix], [{:mime, "~> 1.0 or ~> 2.0", [hex: :mime, repo: "hexpm", optional: false]}, {:plug_crypto, "~> 1.1.1 or ~> 1.2 or ~> 2.0", [hex: :plug_crypto, repo: "hexpm", optional: false]}, {:telemetry, "~> 0.4.3 or ~> 1.0", [hex: :telemetry, repo: "hexpm", optional: false]}], "hexpm", "a13ff6b9006b03d7e33874945b2755253841b238c34071ed85b0e86057f8cddc"},
  "plug_content_security_policy": {:hex, :plug_content_security_policy, "0.2.1", "0a19c76307ad000b3757739c14b34b83ecccf7d0a3472e64e14797a20b62939b", [:mix], [{:plug, "~> 1.3", [hex: :plug, repo: "hexpm", optional: false]}], "hexpm", "ceea10050671c0387c64526e2cb337ee08e12705c737eaed80439266df5b2e29"},
  "plug_crypto": {:hex, :plug_crypto, "2.1.0", "f44309c2b06d249c27c8d3f65cfe08158ade08418cf540fd4f72d4d6863abb7b", [:mix], [], "hexpm", "131216a4b030b8f8ce0f26038bc4421ae60e4bb95c5cf5395e1421437824c4fa"},
  "poly1305": {:hex, :poly1305, "1.0.4", "7cdc8961a0a6e00a764835918cdb8ade868044026df8ef5d718708ea6cc06611", [:mix], [{:chacha20, "~> 1.0", [hex: :chacha20, repo: "hexpm", optional: false]}, {:equivalex, "~> 1.0", [hex: :equivalex, repo: "hexpm", optional: false]}], "hexpm", "e14e684661a5195e149b3139db4a1693579d4659d65bba115a307529c47dbc3b"},
  "postgrex": {:hex, :postgrex, "0.19.3", "a0bda6e3bc75ec07fca5b0a89bffd242ca209a4822a9533e7d3e84ee80707e19", [:mix], [{:db_connection, "~> 2.1", [hex: :db_connection, repo: "hexpm", optional: false]}, {:decimal, "~> 1.5 or ~> 2.0", [hex: :decimal, repo: "hexpm", optional: false]}, {:jason, "~> 1.0", [hex: :jason, repo: "hexpm", optional: true]}, {:table, "~> 0.1.0", [hex: :table, repo: "hexpm", optional: true]}], "hexpm", "d31c28053655b78f47f948c85bb1cf86a9c1f8ead346ba1aa0d0df017fa05b61"},
  "premailex": {:hex, :premailex, "0.3.20", "2f296c915e8436bb3063ab1a47ae53e9ed8ce1c3be11fd2e1074fc76dc9fdc65", [:mix], [{:certifi, ">= 0.0.0", [hex: :certifi, repo: "hexpm", optional: true]}, {:floki, "~> 0.19", [hex: :floki, repo: "hexpm", optional: false]}, {:meeseeks, "~> 0.11", [hex: :meeseeks, repo: "hexpm", optional: true]}, {:ssl_verify_fun, ">= 0.0.0", [hex: :ssl_verify_fun, repo: "hexpm", optional: true]}], "hexpm", "8488cd3b9bd6e120dfd0272d6a44e5bde621704363aa2f501143908c027ee793"},
  "reactor": {:hex, :reactor, "0.10.3", "41a8c34251148e36dd7c75aa8433f2c2f283f29c097f9eb84a630ab28dd75651", [:mix], [{:igniter, "~> 0.4", [hex: :igniter, repo: "hexpm", optional: true]}, {:iterex, "~> 0.1", [hex: :iterex, repo: "hexpm", optional: false]}, {:libgraph, "~> 0.16", [hex: :libgraph, repo: "hexpm", optional: false]}, {:spark, "~> 2.0", [hex: :spark, repo: "hexpm", optional: false]}, {:splode, "~> 0.2", [hex: :splode, repo: "hexpm", optional: false]}, {:telemetry, "~> 1.2", [hex: :telemetry, repo: "hexpm", optional: false]}], "hexpm", "2b34380e22b69a35943a7bcceffd5a8b766870f1fc9052162a7ff74ef9cdb3b2"},
  "req": {:hex, :req, "0.5.8", "50d8d65279d6e343a5e46980ac2a70e97136182950833a1968b371e753f6a662", [:mix], [{:brotli, "~> 0.3.1", [hex: :brotli, repo: "hexpm", optional: true]}, {:ezstd, "~> 1.0", [hex: :ezstd, repo: "hexpm", optional: true]}, {:finch, "~> 0.17", [hex: :finch, repo: "hexpm", optional: false]}, {:jason, "~> 1.0", [hex: :jason, repo: "hexpm", optional: false]}, {:mime, "~> 2.0.6 or ~> 2.1", [hex: :mime, repo: "hexpm", optional: false]}, {:nimble_csv, "~> 1.0", [hex: :nimble_csv, repo: "hexpm", optional: true]}, {:plug, "~> 1.0", [hex: :plug, repo: "hexpm", optional: true]}], "hexpm", "d7fc5898a566477e174f26887821a3c5082b243885520ee4b45555f5d53f40ef"},
  "rewrite": {:hex, :rewrite, "1.1.2", "f5a5d10f5fed1491a6ff48e078d4585882695962ccc9e6c779bae025d1f92eda", [:mix], [{:glob_ex, "~> 0.1", [hex: :glob_ex, repo: "hexpm", optional: false]}, {:sourceror, "~> 1.0", [hex: :sourceror, repo: "hexpm", optional: false]}, {:text_diff, "~> 0.1", [hex: :text_diff, repo: "hexpm", optional: false]}], "hexpm", "7f8b94b1e3528d0a47b3e8b7bfeca559d2948a65fa7418a9ad7d7712703d39d4"},
  "salsa20": {:hex, :salsa20, "1.0.4", "404cbea1fa8e68a41bcc834c0a2571ac175580fec01cc38cc70c0fb9ffc87e9b", [:mix], [], "hexpm", "745ddcd8cfa563ddb0fd61e7ce48d5146279a2cf7834e1da8441b369fdc58ac6"},
  "sobelow": {:hex, :sobelow, "0.13.0", "218afe9075904793f5c64b8837cc356e493d88fddde126a463839351870b8d1e", [:mix], [{:jason, "~> 1.0", [hex: :jason, repo: "hexpm", optional: false]}], "hexpm", "cd6e9026b85fc35d7529da14f95e85a078d9dd1907a9097b3ba6ac7ebbe34a0d"},
  "sourceror": {:hex, :sourceror, "1.7.1", "599d78f4cc2be7d55c9c4fd0a8d772fd0478e3a50e726697c20d13d02aa056d4", [:mix], [], "hexpm", "cd6f268fe29fa00afbc535e215158680a0662b357dc784646d7dff28ac65a0fc"},
  "spark": {:hex, :spark, "2.2.40", "4fef851c346d891ce2aaf13d72e8af9b4371bf3059530b58c4a1149923faaf37", [:mix], [{:igniter, ">= 0.3.64 and < 1.0.0-0", [hex: :igniter, repo: "hexpm", optional: true]}, {:jason, "~> 1.4", [hex: :jason, repo: "hexpm", optional: true]}, {:sourceror, "~> 1.2", [hex: :sourceror, repo: "hexpm", optional: true]}], "hexpm", "d3cd4487932f4c63261c67568cec77d535dc6f9546c334d28f3b9d17c7f23fc0"},
  "spitfire": {:hex, :spitfire, "0.1.4", "8fe0df66e735323e4f2a56e719603391b160dd68efd922cadfbb85a2cf6c68af", [:mix], [], "hexpm", "d40d850f4ede5235084876246756b90c7bcd12994111d57c55e2e1e23ac3fe61"},
  "splode": {:hex, :splode, "0.2.7", "ed042fa9bd8fe7b66dd0a0faabdb97352058420d90cd1c7c1537f609deb7ef6d", [:mix], [], "hexpm", "267f1f51d5a5ac988cda0649498294844988c5086916fed5a8aff297d69a2059"},
  "ssl_verify_fun": {:hex, :ssl_verify_fun, "1.1.7", "354c321cf377240c7b8716899e182ce4890c5938111a1296add3ec74cf1715df", [:make, :mix, :rebar3], [], "hexpm", "fe4c190e8f37401d30167c8c405eda19469f34577987c76dde613e838bbc67f8"},
  "stemmer": {:hex, :stemmer, "1.2.0", "4c5a4712d1424306a6c4136bbf3202b7f2255359ee7e1dc32f796249aa212de6", [:mix], [], "hexpm", "3515019dba41d6f707af821865c41117fdb4ba731600ccf596b8895651daf873"},
  "stream_data": {:hex, :stream_data, "1.1.2", "05499eaec0443349ff877aaabc6e194e82bda6799b9ce6aaa1aadac15a9fdb4d", [:mix], [], "hexpm", "129558d2c77cbc1eb2f4747acbbea79e181a5da51108457000020a906813a1a9"},
  "swoosh": {:hex, :swoosh, "1.17.6", "27ff070f96246e35b7105ab1c52b2b689f523a3cb83ed9faadb2f33bd653ccba", [:mix], [{:bandit, ">= 1.0.0", [hex: :bandit, repo: "hexpm", optional: true]}, {:cowboy, "~> 1.1 or ~> 2.4", [hex: :cowboy, repo: "hexpm", optional: true]}, {:ex_aws, "~> 2.1", [hex: :ex_aws, repo: "hexpm", optional: true]}, {:finch, "~> 0.6", [hex: :finch, repo: "hexpm", optional: true]}, {:gen_smtp, "~> 0.13 or ~> 1.0", [hex: :gen_smtp, repo: "hexpm", optional: true]}, {:hackney, "~> 1.9", [hex: :hackney, repo: "hexpm", optional: true]}, {:jason, "~> 1.0", [hex: :jason, repo: "hexpm", optional: false]}, {:mail, "~> 0.2", [hex: :mail, repo: "hexpm", optional: true]}, {:mime, "~> 1.1 or ~> 2.0", [hex: :mime, repo: "hexpm", optional: false]}, {:mua, "~> 0.2.3", [hex: :mua, repo: "hexpm", optional: true]}, {:multipart, "~> 0.4", [hex: :multipart, repo: "hexpm", optional: true]}, {:plug, "~> 1.9", [hex: :plug, repo: "hexpm", optional: true]}, {:plug_cowboy, ">= 1.0.0", [hex: :plug_cowboy, repo: "hexpm", optional: true]}, {:req, "~> 0.5 or ~> 1.0", [hex: :req, repo: "hexpm", optional: true]}, {:telemetry, "~> 0.4.2 or ~> 1.0", [hex: :telemetry, repo: "hexpm", optional: false]}], "hexpm", "9798f3e72165f40c950f6762c06dab68afcdcf616138fc4a07965c09c250e1e2"},
  "table_rex": {:hex, :table_rex, "4.0.0", "3c613a68ebdc6d4d1e731bc973c233500974ec3993c99fcdabb210407b90959b", [:mix], [], "hexpm", "c35c4d5612ca49ebb0344ea10387da4d2afe278387d4019e4d8111e815df8f55"},
  "tails": {:hex, :tails, "0.1.11", "112a62ff06046805c052c3cf6aba6f64fd41e8f82fe8cc1705fb446d04400607", [:mix], [{:jason, "~> 1.4", [hex: :jason, repo: "hexpm", optional: false]}], "hexpm", "a908c1e3191610d606f1518eb108b7abe3e91fcc2ebda16b321e917d0d8987dd"},
  "tailwind": {:hex, :tailwind, "0.2.4", "5706ec47182d4e7045901302bf3a333e80f3d1af65c442ba9a9eed152fb26c2e", [:mix], [{:castore, ">= 0.0.0", [hex: :castore, repo: "hexpm", optional: false]}], "hexpm", "c6e4a82b8727bab593700c998a4d98cf3d8025678bfde059aed71d0000c3e463"},
  "telemetry": {:hex, :telemetry, "1.3.0", "fedebbae410d715cf8e7062c96a1ef32ec22e764197f70cda73d82778d61e7a2", [:rebar3], [], "hexpm", "7015fc8919dbe63764f4b4b87a95b7c0996bd539e0d499be6ec9d7f3875b79e6"},
  "telemetry_metrics": {:hex, :telemetry_metrics, "1.0.0", "29f5f84991ca98b8eb02fc208b2e6de7c95f8bb2294ef244a176675adc7775df", [:mix], [{:telemetry, "~> 0.4 or ~> 1.0", [hex: :telemetry, repo: "hexpm", optional: false]}], "hexpm", "f23713b3847286a534e005126d4c959ebcca68ae9582118ce436b521d1d47d5d"},
  "telemetry_poller": {:hex, :telemetry_poller, "1.1.0", "58fa7c216257291caaf8d05678c8d01bd45f4bdbc1286838a28c4bb62ef32999", [:rebar3], [{:telemetry, "~> 1.0", [hex: :telemetry, repo: "hexpm", optional: false]}], "hexpm", "9eb9d9cbfd81cbd7cdd24682f8711b6e2b691289a0de6826e58452f28c103c8f"},
  "text_diff": {:hex, :text_diff, "0.1.0", "1caf3175e11a53a9a139bc9339bd607c47b9e376b073d4571c031913317fecaa", [:mix], [], "hexpm", "d1ffaaecab338e49357b6daa82e435f877e0649041ace7755583a0ea3362dbd7"},
  "thousand_island": {:hex, :thousand_island, "1.3.9", "095db3e2650819443e33237891271943fad3b7f9ba341073947581362582ab5a", [:mix], [{:telemetry, "~> 0.4 or ~> 1.0", [hex: :telemetry, repo: "hexpm", optional: false]}], "hexpm", "25ab4c07badadf7f87adb4ab414e0ed374e5f19e72503aa85132caa25776e54f"},
  "unicode_util_compat": {:hex, :unicode_util_compat, "0.7.0", "bc84380c9ab48177092f43ac89e4dfa2c6d62b40b8bd132b1059ecc7232f9a78", [:rebar3], [], "hexpm", "25eee6d67df61960cf6a794239566599b09e17e668d3700247bc498638152521"},
  "websock": {:hex, :websock, "0.5.3", "2f69a6ebe810328555b6fe5c831a851f485e303a7c8ce6c5f675abeb20ebdadc", [:mix], [], "hexpm", "6105453d7fac22c712ad66fab1d45abdf049868f253cf719b625151460b8b453"},
  "websock_adapter": {:hex, :websock_adapter, "0.5.8", "3b97dc94e407e2d1fc666b2fb9acf6be81a1798a2602294aac000260a7c4a47d", [:mix], [{:bandit, ">= 0.6.0", [hex: :bandit, repo: "hexpm", optional: true]}, {:plug, "~> 1.14", [hex: :plug, repo: "hexpm", optional: false]}, {:plug_cowboy, "~> 2.6", [hex: :plug_cowboy, repo: "hexpm", optional: true]}, {:websock, "~> 0.5", [hex: :websock, repo: "hexpm", optional: false]}], "hexpm", "315b9a1865552212b5f35140ad194e67ce31af45bcee443d4ecb96b5fd3f3782"},
  "xema": {:hex, :xema, "0.17.5", "63874e29be626f7162d1e3f68d481e04442ce2438b4f4466f6b51dc9b763b45d", [:mix], [{:conv_case, "~> 0.2.2", [hex: :conv_case, repo: "hexpm", optional: false]}, {:decimal, "~> 1.0 or ~> 2.0", [hex: :decimal, repo: "hexpm", optional: true]}], "hexpm", "b49bffe49a565ceeb6dcecbbed7044ccdea934d0716c77206e7f055f41d550b4"},
  "xml_builder": {:hex, :xml_builder, "2.3.0", "69d214c6ad41ae1300b36acff4367551cdfd9dc1b860affc16e103c6b1589053", [:mix], [], "hexpm", "972ec33346a225cd5acd14ab23d4e79042bd37cb904e07e24cd06992dde1a0ed"},
  "yamerl": {:hex, :yamerl, "0.10.0", "4ff81fee2f1f6a46f1700c0d880b24d193ddb74bd14ef42cb0bcf46e81ef2f8e", [:rebar3], [], "hexpm", "346adb2963f1051dc837a2364e4acf6eb7d80097c0f53cbdc3046ec8ec4b4e6e"},
  "yaml_elixir": {:hex, :yaml_elixir, "2.11.0", "9e9ccd134e861c66b84825a3542a1c22ba33f338d82c07282f4f1f52d847bd50", [:mix], [{:yamerl, "~> 0.10", [hex: :yamerl, repo: "hexpm", optional: false]}], "hexpm", "53cc28357ee7eb952344995787f4bb8cc3cecbf189652236e9b163e8ce1bc242"},
}
