// !$*UTF8*$!
{
	archiveVersion = 1;
	classes = {
	};
	objectVersion = 55;
	objects = {

/* Begin PBXBuildFile section */
		C49EB07A28CAD7550059297A /* Registry.swift in Sources */ = {isa = PBXBuildFile; fileRef = C49EB07928CAD7550059297A /* Registry.swift */; };
		C49EB07C28CAD7C10059297A /* CalloutTextView.swift in Sources */ = {isa = PBXBuildFile; fileRef = C49EB07B28CAD7C10059297A /* CalloutTextView.swift */; };
		C4D7807828CA7C2A0060EA09 /* AshHqApp.swift in Sources */ = {isa = PBXBuildFile; fileRef = C4D7807728CA7C2A0060EA09 /* AshHqApp.swift */; };
		C4D7807A28CA7C2A0060EA09 /* ContentView.swift in Sources */ = {isa = PBXBuildFile; fileRef = C4D7807928CA7C2A0060EA09 /* ContentView.swift */; };
		C4D7807C28CA7C2D0060EA09 /* Assets.xcassets in Resources */ = {isa = PBXBuildFile; fileRef = C4D7807B28CA7C2D0060EA09 /* Assets.xcassets */; };
		C4D7807F28CA7C2D0060EA09 /* Preview Assets.xcassets in Resources */ = {isa = PBXBuildFile; fileRef = C4D7807E28CA7C2D0060EA09 /* Preview Assets.xcassets */; };
		C4D7808928CA7C2D0060EA09 /* AshHqTests.swift in Sources */ = {isa = PBXBuildFile; fileRef = C4D7808828CA7C2D0060EA09 /* AshHqTests.swift */; };
		C4D7809328CA7C2D0060EA09 /* AshHqUITests.swift in Sources */ = {isa = PBXBuildFile; fileRef = C4D7809228CA7C2D0060EA09 /* AshHqUITests.swift */; };
		C4D7809528CA7C2D0060EA09 /* AshHqUITestsLaunchTests.swift in Sources */ = {isa = PBXBuildFile; fileRef = C4D7809428CA7C2D0060EA09 /* AshHqUITestsLaunchTests.swift */; };
		C4D780A328CA7C600060EA09 /* PhoenixLiveViewNative in Frameworks */ = {isa = PBXBuildFile; productRef = C4D780A228CA7C600060EA09 /* PhoenixLiveViewNative */; };
/* End PBXBuildFile section */

/* Begin PBXContainerItemProxy section */
		C4D7808528CA7C2D0060EA09 /* PBXContainerItemProxy */ = {
			isa = PBXContainerItemProxy;
			containerPortal = C4D7806C28CA7C2A0060EA09 /* Project object */;
			proxyType = 1;
			remoteGlobalIDString = C4D7807328CA7C2A0060EA09;
			remoteInfo = AshHq;
		};
		C4D7808F28CA7C2D0060EA09 /* PBXContainerItemProxy */ = {
			isa = PBXContainerItemProxy;
			containerPortal = C4D7806C28CA7C2A0060EA09 /* Project object */;
			proxyType = 1;
			remoteGlobalIDString = C4D7807328CA7C2A0060EA09;
			remoteInfo = AshHq;
		};
/* End PBXContainerItemProxy section */

/* Begin PBXFileReference section */
		C49EB07928CAD7550059297A /* Registry.swift */ = {isa = PBXFileReference; lastKnownFileType = sourcecode.swift; path = Registry.swift; sourceTree = "<group>"; };
		C49EB07B28CAD7C10059297A /* CalloutTextView.swift */ = {isa = PBXFileReference; lastKnownFileType = sourcecode.swift; path = CalloutTextView.swift; sourceTree = "<group>"; };
		C4D7807428CA7C2A0060EA09 /* AshHq.app */ = {isa = PBXFileReference; explicitFileType = wrapper.application; includeInIndex = 0; path = AshHq.app; sourceTree = BUILT_PRODUCTS_DIR; };
		C4D7807728CA7C2A0060EA09 /* AshHqApp.swift */ = {isa = PBXFileReference; lastKnownFileType = sourcecode.swift; path = AshHqApp.swift; sourceTree = "<group>"; };
		C4D7807928CA7C2A0060EA09 /* ContentView.swift */ = {isa = PBXFileReference; lastKnownFileType = sourcecode.swift; path = ContentView.swift; sourceTree = "<group>"; };
		C4D7807B28CA7C2D0060EA09 /* Assets.xcassets */ = {isa = PBXFileReference; lastKnownFileType = folder.assetcatalog; path = Assets.xcassets; sourceTree = "<group>"; };
		C4D7807E28CA7C2D0060EA09 /* Preview Assets.xcassets */ = {isa = PBXFileReference; lastKnownFileType = folder.assetcatalog; path = "Preview Assets.xcassets"; sourceTree = "<group>"; };
		C4D7808428CA7C2D0060EA09 /* AshHqTests.xctest */ = {isa = PBXFileReference; explicitFileType = wrapper.cfbundle; includeInIndex = 0; path = AshHqTests.xctest; sourceTree = BUILT_PRODUCTS_DIR; };
		C4D7808828CA7C2D0060EA09 /* AshHqTests.swift */ = {isa = PBXFileReference; lastKnownFileType = sourcecode.swift; path = AshHqTests.swift; sourceTree = "<group>"; };
		C4D7808E28CA7C2D0060EA09 /* AshHqUITests.xctest */ = {isa = PBXFileReference; explicitFileType = wrapper.cfbundle; includeInIndex = 0; path = AshHqUITests.xctest; sourceTree = BUILT_PRODUCTS_DIR; };
		C4D7809228CA7C2D0060EA09 /* AshHqUITests.swift */ = {isa = PBXFileReference; lastKnownFileType = sourcecode.swift; path = AshHqUITests.swift; sourceTree = "<group>"; };
		C4D7809428CA7C2D0060EA09 /* AshHqUITestsLaunchTests.swift */ = {isa = PBXFileReference; lastKnownFileType = sourcecode.swift; path = AshHqUITestsLaunchTests.swift; sourceTree = "<group>"; };
/* End PBXFileReference section */

/* Begin PBXFrameworksBuildPhase section */
		C4D7807128CA7C2A0060EA09 /* Frameworks */ = {
			isa = PBXFrameworksBuildPhase;
			buildActionMask = 2147483647;
			files = (
				C4D780A328CA7C600060EA09 /* PhoenixLiveViewNative in Frameworks */,
			);
			runOnlyForDeploymentPostprocessing = 0;
		};
		C4D7808128CA7C2D0060EA09 /* Frameworks */ = {
			isa = PBXFrameworksBuildPhase;
			buildActionMask = 2147483647;
			files = (
			);
			runOnlyForDeploymentPostprocessing = 0;
		};
		C4D7808B28CA7C2D0060EA09 /* Frameworks */ = {
			isa = PBXFrameworksBuildPhase;
			buildActionMask = 2147483647;
			files = (
			);
			runOnlyForDeploymentPostprocessing = 0;
		};
/* End PBXFrameworksBuildPhase section */

/* Begin PBXGroup section */
		C4D7806B28CA7C2A0060EA09 = {
			isa = PBXGroup;
			children = (
				C4D7807628CA7C2A0060EA09 /* AshHq */,
				C4D7808728CA7C2D0060EA09 /* AshHqTests */,
				C4D7809128CA7C2D0060EA09 /* AshHqUITests */,
				C4D7807528CA7C2A0060EA09 /* Products */,
			);
			sourceTree = "<group>";
		};
		C4D7807528CA7C2A0060EA09 /* Products */ = {
			isa = PBXGroup;
			children = (
				C4D7807428CA7C2A0060EA09 /* AshHq.app */,
				C4D7808428CA7C2D0060EA09 /* AshHqTests.xctest */,
				C4D7808E28CA7C2D0060EA09 /* AshHqUITests.xctest */,
			);
			name = Products;
			sourceTree = "<group>";
		};
		C4D7807628CA7C2A0060EA09 /* AshHq */ = {
			isa = PBXGroup;
			children = (
				C4D7807728CA7C2A0060EA09 /* AshHqApp.swift */,
				C4D7807928CA7C2A0060EA09 /* ContentView.swift */,
				C4D7807B28CA7C2D0060EA09 /* Assets.xcassets */,
				C4D7807D28CA7C2D0060EA09 /* Preview Content */,
				C49EB07928CAD7550059297A /* Registry.swift */,
				C49EB07B28CAD7C10059297A /* CalloutTextView.swift */,
			);
			path = AshHq;
			sourceTree = "<group>";
		};
		C4D7807D28CA7C2D0060EA09 /* Preview Content */ = {
			isa = PBXGroup;
			children = (
				C4D7807E28CA7C2D0060EA09 /* Preview Assets.xcassets */,
			);
			path = "Preview Content";
			sourceTree = "<group>";
		};
		C4D7808728CA7C2D0060EA09 /* AshHqTests */ = {
			isa = PBXGroup;
			children = (
				C4D7808828CA7C2D0060EA09 /* AshHqTests.swift */,
			);
			path = AshHqTests;
			sourceTree = "<group>";
		};
		C4D7809128CA7C2D0060EA09 /* AshHqUITests */ = {
			isa = PBXGroup;
			children = (
				C4D7809228CA7C2D0060EA09 /* AshHqUITests.swift */,
				C4D7809428CA7C2D0060EA09 /* AshHqUITestsLaunchTests.swift */,
			);
			path = AshHqUITests;
			sourceTree = "<group>";
		};
/* End PBXGroup section */

/* Begin PBXNativeTarget section */
		C4D7807328CA7C2A0060EA09 /* AshHq */ = {
			isa = PBXNativeTarget;
			buildConfigurationList = C4D7809828CA7C2D0060EA09 /* Build configuration list for PBXNativeTarget "AshHq" */;
			buildPhases = (
				C4D7807028CA7C2A0060EA09 /* Sources */,
				C4D7807128CA7C2A0060EA09 /* Frameworks */,
				C4D7807228CA7C2A0060EA09 /* Resources */,
			);
			buildRules = (
			);
			dependencies = (
			);
			name = AshHq;
			packageProductDependencies = (
				C4D780A228CA7C600060EA09 /* PhoenixLiveViewNative */,
			);
			productName = AshHq;
			productReference = C4D7807428CA7C2A0060EA09 /* AshHq.app */;
			productType = "com.apple.product-type.application";
		};
		C4D7808328CA7C2D0060EA09 /* AshHqTests */ = {
			isa = PBXNativeTarget;
			buildConfigurationList = C4D7809B28CA7C2D0060EA09 /* Build configuration list for PBXNativeTarget "AshHqTests" */;
			buildPhases = (
				C4D7808028CA7C2D0060EA09 /* Sources */,
				C4D7808128CA7C2D0060EA09 /* Frameworks */,
				C4D7808228CA7C2D0060EA09 /* Resources */,
			);
			buildRules = (
			);
			dependencies = (
				C4D7808628CA7C2D0060EA09 /* PBXTargetDependency */,
			);
			name = AshHqTests;
			productName = AshHqTests;
			productReference = C4D7808428CA7C2D0060EA09 /* AshHqTests.xctest */;
			productType = "com.apple.product-type.bundle.unit-test";
		};
		C4D7808D28CA7C2D0060EA09 /* AshHqUITests */ = {
			isa = PBXNativeTarget;
			buildConfigurationList = C4D7809E28CA7C2D0060EA09 /* Build configuration list for PBXNativeTarget "AshHqUITests" */;
			buildPhases = (
				C4D7808A28CA7C2D0060EA09 /* Sources */,
				C4D7808B28CA7C2D0060EA09 /* Frameworks */,
				C4D7808C28CA7C2D0060EA09 /* Resources */,
			);
			buildRules = (
			);
			dependencies = (
				C4D7809028CA7C2D0060EA09 /* PBXTargetDependency */,
			);
			name = AshHqUITests;
			productName = AshHqUITests;
			productReference = C4D7808E28CA7C2D0060EA09 /* AshHqUITests.xctest */;
			productType = "com.apple.product-type.bundle.ui-testing";
		};
/* End PBXNativeTarget section */

/* Begin PBXProject section */
		C4D7806C28CA7C2A0060EA09 /* Project object */ = {
			isa = PBXProject;
			attributes = {
				BuildIndependentTargetsInParallel = 1;
				LastSwiftUpdateCheck = 1340;
				LastUpgradeCheck = 1340;
				TargetAttributes = {
					C4D7807328CA7C2A0060EA09 = {
						CreatedOnToolsVersion = 13.4.1;
					};
					C4D7808328CA7C2D0060EA09 = {
						CreatedOnToolsVersion = 13.4.1;
						TestTargetID = C4D7807328CA7C2A0060EA09;
					};
					C4D7808D28CA7C2D0060EA09 = {
						CreatedOnToolsVersion = 13.4.1;
						TestTargetID = C4D7807328CA7C2A0060EA09;
					};
				};
			};
			buildConfigurationList = C4D7806F28CA7C2A0060EA09 /* Build configuration list for PBXProject "AshHq" */;
			compatibilityVersion = "Xcode 13.0";
			developmentRegion = en;
			hasScannedForEncodings = 0;
			knownRegions = (
				en,
				Base,
			);
			mainGroup = C4D7806B28CA7C2A0060EA09;
			packageReferences = (
				C4D780A128CA7C600060EA09 /* XCRemoteSwiftPackageReference "liveview-client-swiftui" */,
			);
			productRefGroup = C4D7807528CA7C2A0060EA09 /* Products */;
			projectDirPath = "";
			projectRoot = "";
			targets = (
				C4D7807328CA7C2A0060EA09 /* AshHq */,
				C4D7808328CA7C2D0060EA09 /* AshHqTests */,
				C4D7808D28CA7C2D0060EA09 /* AshHqUITests */,
			);
		};
/* End PBXProject section */

/* Begin PBXResourcesBuildPhase section */
		C4D7807228CA7C2A0060EA09 /* Resources */ = {
			isa = PBXResourcesBuildPhase;
			buildActionMask = 2147483647;
			files = (
				C4D7807F28CA7C2D0060EA09 /* Preview Assets.xcassets in Resources */,
				C4D7807C28CA7C2D0060EA09 /* Assets.xcassets in Resources */,
			);
			runOnlyForDeploymentPostprocessing = 0;
		};
		C4D7808228CA7C2D0060EA09 /* Resources */ = {
			isa = PBXResourcesBuildPhase;
			buildActionMask = 2147483647;
			files = (
			);
			runOnlyForDeploymentPostprocessing = 0;
		};
		C4D7808C28CA7C2D0060EA09 /* Resources */ = {
			isa = PBXResourcesBuildPhase;
			buildActionMask = 2147483647;
			files = (
			);
			runOnlyForDeploymentPostprocessing = 0;
		};
/* End PBXResourcesBuildPhase section */

/* Begin PBXSourcesBuildPhase section */
		C4D7807028CA7C2A0060EA09 /* Sources */ = {
			isa = PBXSourcesBuildPhase;
			buildActionMask = 2147483647;
			files = (
				C49EB07C28CAD7C10059297A /* CalloutTextView.swift in Sources */,
				C4D7807A28CA7C2A0060EA09 /* ContentView.swift in Sources */,
				C4D7807828CA7C2A0060EA09 /* AshHqApp.swift in Sources */,
				C49EB07A28CAD7550059297A /* Registry.swift in Sources */,
			);
			runOnlyForDeploymentPostprocessing = 0;
		};
		C4D7808028CA7C2D0060EA09 /* Sources */ = {
			isa = PBXSourcesBuildPhase;
			buildActionMask = 2147483647;
			files = (
				C4D7808928CA7C2D0060EA09 /* AshHqTests.swift in Sources */,
			);
			runOnlyForDeploymentPostprocessing = 0;
		};
		C4D7808A28CA7C2D0060EA09 /* Sources */ = {
			isa = PBXSourcesBuildPhase;
			buildActionMask = 2147483647;
			files = (
				C4D7809528CA7C2D0060EA09 /* AshHqUITestsLaunchTests.swift in Sources */,
				C4D7809328CA7C2D0060EA09 /* AshHqUITests.swift in Sources */,
			);
			runOnlyForDeploymentPostprocessing = 0;
		};
/* End PBXSourcesBuildPhase section */

/* Begin PBXTargetDependency section */
		C4D7808628CA7C2D0060EA09 /* PBXTargetDependency */ = {
			isa = PBXTargetDependency;
			target = C4D7807328CA7C2A0060EA09 /* AshHq */;
			targetProxy = C4D7808528CA7C2D0060EA09 /* PBXContainerItemProxy */;
		};
		C4D7809028CA7C2D0060EA09 /* PBXTargetDependency */ = {
			isa = PBXTargetDependency;
			target = C4D7807328CA7C2A0060EA09 /* AshHq */;
			targetProxy = C4D7808F28CA7C2D0060EA09 /* PBXContainerItemProxy */;
		};
/* End PBXTargetDependency section */

/* Begin XCBuildConfiguration section */
		C4D7809628CA7C2D0060EA09 /* Debug */ = {
			isa = XCBuildConfiguration;
			buildSettings = {
				ALWAYS_SEARCH_USER_PATHS = NO;
				CLANG_ANALYZER_NONNULL = YES;
				CLANG_ANALYZER_NUMBER_OBJECT_CONVERSION = YES_AGGRESSIVE;
				CLANG_CXX_LANGUAGE_STANDARD = "gnu++17";
				CLANG_ENABLE_MODULES = YES;
				CLANG_ENABLE_OBJC_ARC = YES;
				CLANG_ENABLE_OBJC_WEAK = YES;
				CLANG_WARN_BLOCK_CAPTURE_AUTORELEASING = YES;
				CLANG_WARN_BOOL_CONVERSION = YES;
				CLANG_WARN_COMMA = YES;
				CLANG_WARN_CONSTANT_CONVERSION = YES;
				CLANG_WARN_DEPRECATED_OBJC_IMPLEMENTATIONS = YES;
				CLANG_WARN_DIRECT_OBJC_ISA_USAGE = YES_ERROR;
				CLANG_WARN_DOCUMENTATION_COMMENTS = YES;
				CLANG_WARN_EMPTY_BODY = YES;
				CLANG_WARN_ENUM_CONVERSION = YES;
				CLANG_WARN_INFINITE_RECURSION = YES;
				CLANG_WARN_INT_CONVERSION = YES;
				CLANG_WARN_NON_LITERAL_NULL_CONVERSION = YES;
				CLANG_WARN_OBJC_IMPLICIT_RETAIN_SELF = YES;
				CLANG_WARN_OBJC_LITERAL_CONVERSION = YES;
				CLANG_WARN_OBJC_ROOT_CLASS = YES_ERROR;
				CLANG_WARN_QUOTED_INCLUDE_IN_FRAMEWORK_HEADER = YES;
				CLANG_WARN_RANGE_LOOP_ANALYSIS = YES;
				CLANG_WARN_STRICT_PROTOTYPES = YES;
				CLANG_WARN_SUSPICIOUS_MOVE = YES;
				CLANG_WARN_UNGUARDED_AVAILABILITY = YES_AGGRESSIVE;
				CLANG_WARN_UNREACHABLE_CODE = YES;
				CLANG_WARN__DUPLICATE_METHOD_MATCH = YES;
				COPY_PHASE_STRIP = NO;
				DEBUG_INFORMATION_FORMAT = dwarf;
				ENABLE_STRICT_OBJC_MSGSEND = YES;
				ENABLE_TESTABILITY = YES;
				GCC_C_LANGUAGE_STANDARD = gnu11;
				GCC_DYNAMIC_NO_PIC = NO;
				GCC_NO_COMMON_BLOCKS = YES;
				GCC_OPTIMIZATION_LEVEL = 0;
				GCC_PREPROCESSOR_DEFINITIONS = (
					"DEBUG=1",
					"$(inherited)",
				);
				GCC_WARN_64_TO_32_BIT_CONVERSION = YES;
				GCC_WARN_ABOUT_RETURN_TYPE = YES_ERROR;
				GCC_WARN_UNDECLARED_SELECTOR = YES;
				GCC_WARN_UNINITIALIZED_AUTOS = YES_AGGRESSIVE;
				GCC_WARN_UNUSED_FUNCTION = YES;
				GCC_WARN_UNUSED_VARIABLE = YES;
				IPHONEOS_DEPLOYMENT_TARGET = 15.5;
				MTL_ENABLE_DEBUG_INFO = INCLUDE_SOURCE;
				MTL_FAST_MATH = YES;
				ONLY_ACTIVE_ARCH = YES;
				SDKROOT = iphoneos;
				SWIFT_ACTIVE_COMPILATION_CONDITIONS = DEBUG;
				SWIFT_OPTIMIZATION_LEVEL = "-Onone";
			};
			name = Debug;
		};
		C4D7809728CA7C2D0060EA09 /* Release */ = {
			isa = XCBuildConfiguration;
			buildSettings = {
				ALWAYS_SEARCH_USER_PATHS = NO;
				CLANG_ANALYZER_NONNULL = YES;
				CLANG_ANALYZER_NUMBER_OBJECT_CONVERSION = YES_AGGRESSIVE;
				CLANG_CXX_LANGUAGE_STANDARD = "gnu++17";
				CLANG_ENABLE_MODULES = YES;
				CLANG_ENABLE_OBJC_ARC = YES;
				CLANG_ENABLE_OBJC_WEAK = YES;
				CLANG_WARN_BLOCK_CAPTURE_AUTORELEASING = YES;
				CLANG_WARN_BOOL_CONVERSION = YES;
				CLANG_WARN_COMMA = YES;
				CLANG_WARN_CONSTANT_CONVERSION = YES;
				CLANG_WARN_DEPRECATED_OBJC_IMPLEMENTATIONS = YES;
				CLANG_WARN_DIRECT_OBJC_ISA_USAGE = YES_ERROR;
				CLANG_WARN_DOCUMENTATION_COMMENTS = YES;
				CLANG_WARN_EMPTY_BODY = YES;
				CLANG_WARN_ENUM_CONVERSION = YES;
				CLANG_WARN_INFINITE_RECURSION = YES;
				CLANG_WARN_INT_CONVERSION = YES;
				CLANG_WARN_NON_LITERAL_NULL_CONVERSION = YES;
				CLANG_WARN_OBJC_IMPLICIT_RETAIN_SELF = YES;
				CLANG_WARN_OBJC_LITERAL_CONVERSION = YES;
				CLANG_WARN_OBJC_ROOT_CLASS = YES_ERROR;
				CLANG_WARN_QUOTED_INCLUDE_IN_FRAMEWORK_HEADER = YES;
				CLANG_WARN_RANGE_LOOP_ANALYSIS = YES;
				CLANG_WARN_STRICT_PROTOTYPES = YES;
				CLANG_WARN_SUSPICIOUS_MOVE = YES;
				CLANG_WARN_UNGUARDED_AVAILABILITY = YES_AGGRESSIVE;
				CLANG_WARN_UNREACHABLE_CODE = YES;
				CLANG_WARN__DUPLICATE_METHOD_MATCH = YES;
				COPY_PHASE_STRIP = NO;
				DEBUG_INFORMATION_FORMAT = "dwarf-with-dsym";
				ENABLE_NS_ASSERTIONS = NO;
				ENABLE_STRICT_OBJC_MSGSEND = YES;
				GCC_C_LANGUAGE_STANDARD = gnu11;
				GCC_NO_COMMON_BLOCKS = YES;
				GCC_WARN_64_TO_32_BIT_CONVERSION = YES;
				GCC_WARN_ABOUT_RETURN_TYPE = YES_ERROR;
				GCC_WARN_UNDECLARED_SELECTOR = YES;
				GCC_WARN_UNINITIALIZED_AUTOS = YES_AGGRESSIVE;
				GCC_WARN_UNUSED_FUNCTION = YES;
				GCC_WARN_UNUSED_VARIABLE = YES;
				IPHONEOS_DEPLOYMENT_TARGET = 15.5;
				MTL_ENABLE_DEBUG_INFO = NO;
				MTL_FAST_MATH = YES;
				SDKROOT = iphoneos;
				SWIFT_COMPILATION_MODE = wholemodule;
				SWIFT_OPTIMIZATION_LEVEL = "-O";
				VALIDATE_PRODUCT = YES;
			};
			name = Release;
		};
		C4D7809928CA7C2D0060EA09 /* Debug */ = {
			isa = XCBuildConfiguration;
			buildSettings = {
				ASSETCATALOG_COMPILER_APPICON_NAME = AppIcon;
				ASSETCATALOG_COMPILER_GLOBAL_ACCENT_COLOR_NAME = AccentColor;
				CODE_SIGN_STYLE = Automatic;
				CURRENT_PROJECT_VERSION = 1;
				DEVELOPMENT_ASSET_PATHS = "\"AshHq/Preview Content\"";
				DEVELOPMENT_TEAM = 2957LFC269;
				ENABLE_PREVIEWS = YES;
				GENERATE_INFOPLIST_FILE = YES;
				INFOPLIST_KEY_UIApplicationSceneManifest_Generation = YES;
				INFOPLIST_KEY_UIApplicationSupportsIndirectInputEvents = YES;
				INFOPLIST_KEY_UILaunchScreen_Generation = YES;
				INFOPLIST_KEY_UISupportedInterfaceOrientations_iPad = "UIInterfaceOrientationPortrait UIInterfaceOrientationPortraitUpsideDown UIInterfaceOrientationLandscapeLeft UIInterfaceOrientationLandscapeRight";
				INFOPLIST_KEY_UISupportedInterfaceOrientations_iPhone = "UIInterfaceOrientationPortrait UIInterfaceOrientationLandscapeLeft UIInterfaceOrientationLandscapeRight";
				LD_RUNPATH_SEARCH_PATHS = (
					"$(inherited)",
					"@executable_path/Frameworks",
				);
				MARKETING_VERSION = 1.0;
				PRODUCT_BUNDLE_IDENTIFIER = zachdaniel.AshHq;
				PRODUCT_NAME = "$(TARGET_NAME)";
				SWIFT_EMIT_LOC_STRINGS = YES;
				SWIFT_VERSION = 5.0;
				TARGETED_DEVICE_FAMILY = "1,2";
			};
			name = Debug;
		};
		C4D7809A28CA7C2D0060EA09 /* Release */ = {
			isa = XCBuildConfiguration;
			buildSettings = {
				ASSETCATALOG_COMPILER_APPICON_NAME = AppIcon;
				ASSETCATALOG_COMPILER_GLOBAL_ACCENT_COLOR_NAME = AccentColor;
				CODE_SIGN_STYLE = Automatic;
				CURRENT_PROJECT_VERSION = 1;
				DEVELOPMENT_ASSET_PATHS = "\"AshHq/Preview Content\"";
				DEVELOPMENT_TEAM = 2957LFC269;
				ENABLE_PREVIEWS = YES;
				GENERATE_INFOPLIST_FILE = YES;
				INFOPLIST_KEY_UIApplicationSceneManifest_Generation = YES;
				INFOPLIST_KEY_UIApplicationSupportsIndirectInputEvents = YES;
				INFOPLIST_KEY_UILaunchScreen_Generation = YES;
				INFOPLIST_KEY_UISupportedInterfaceOrientations_iPad = "UIInterfaceOrientationPortrait UIInterfaceOrientationPortraitUpsideDown UIInterfaceOrientationLandscapeLeft UIInterfaceOrientationLandscapeRight";
				INFOPLIST_KEY_UISupportedInterfaceOrientations_iPhone = "UIInterfaceOrientationPortrait UIInterfaceOrientationLandscapeLeft UIInterfaceOrientationLandscapeRight";
				LD_RUNPATH_SEARCH_PATHS = (
					"$(inherited)",
					"@executable_path/Frameworks",
				);
				MARKETING_VERSION = 1.0;
				PRODUCT_BUNDLE_IDENTIFIER = zachdaniel.AshHq;
				PRODUCT_NAME = "$(TARGET_NAME)";
				SWIFT_EMIT_LOC_STRINGS = YES;
				SWIFT_VERSION = 5.0;
				TARGETED_DEVICE_FAMILY = "1,2";
			};
			name = Release;
		};
		C4D7809C28CA7C2D0060EA09 /* Debug */ = {
			isa = XCBuildConfiguration;
			buildSettings = {
				ALWAYS_EMBED_SWIFT_STANDARD_LIBRARIES = YES;
				BUNDLE_LOADER = "$(TEST_HOST)";
				CODE_SIGN_STYLE = Automatic;
				CURRENT_PROJECT_VERSION = 1;
				DEVELOPMENT_TEAM = 2957LFC269;
				GENERATE_INFOPLIST_FILE = YES;
				IPHONEOS_DEPLOYMENT_TARGET = 15.5;
				MARKETING_VERSION = 1.0;
				PRODUCT_BUNDLE_IDENTIFIER = zachdaniel.AshHqTests;
				PRODUCT_NAME = "$(TARGET_NAME)";
				SWIFT_EMIT_LOC_STRINGS = NO;
				SWIFT_VERSION = 5.0;
				TARGETED_DEVICE_FAMILY = "1,2";
				TEST_HOST = "$(BUILT_PRODUCTS_DIR)/AshHq.app/AshHq";
			};
			name = Debug;
		};
		C4D7809D28CA7C2D0060EA09 /* Release */ = {
			isa = XCBuildConfiguration;
			buildSettings = {
				ALWAYS_EMBED_SWIFT_STANDARD_LIBRARIES = YES;
				BUNDLE_LOADER = "$(TEST_HOST)";
				CODE_SIGN_STYLE = Automatic;
				CURRENT_PROJECT_VERSION = 1;
				DEVELOPMENT_TEAM = 2957LFC269;
				GENERATE_INFOPLIST_FILE = YES;
				IPHONEOS_DEPLOYMENT_TARGET = 15.5;
				MARKETING_VERSION = 1.0;
				PRODUCT_BUNDLE_IDENTIFIER = zachdaniel.AshHqTests;
				PRODUCT_NAME = "$(TARGET_NAME)";
				SWIFT_EMIT_LOC_STRINGS = NO;
				SWIFT_VERSION = 5.0;
				TARGETED_DEVICE_FAMILY = "1,2";
				TEST_HOST = "$(BUILT_PRODUCTS_DIR)/AshHq.app/AshHq";
			};
			name = Release;
		};
		C4D7809F28CA7C2D0060EA09 /* Debug */ = {
			isa = XCBuildConfiguration;
			buildSettings = {
				ALWAYS_EMBED_SWIFT_STANDARD_LIBRARIES = YES;
				CODE_SIGN_STYLE = Automatic;
				CURRENT_PROJECT_VERSION = 1;
				DEVELOPMENT_TEAM = 2957LFC269;
				GENERATE_INFOPLIST_FILE = YES;
				MARKETING_VERSION = 1.0;
				PRODUCT_BUNDLE_IDENTIFIER = zachdaniel.AshHqUITests;
				PRODUCT_NAME = "$(TARGET_NAME)";
				SWIFT_EMIT_LOC_STRINGS = NO;
				SWIFT_VERSION = 5.0;
				TARGETED_DEVICE_FAMILY = "1,2";
				TEST_TARGET_NAME = AshHq;
			};
			name = Debug;
		};
		C4D780A028CA7C2D0060EA09 /* Release */ = {
			isa = XCBuildConfiguration;
			buildSettings = {
				ALWAYS_EMBED_SWIFT_STANDARD_LIBRARIES = YES;
				CODE_SIGN_STYLE = Automatic;
				CURRENT_PROJECT_VERSION = 1;
				DEVELOPMENT_TEAM = 2957LFC269;
				GENERATE_INFOPLIST_FILE = YES;
				MARKETING_VERSION = 1.0;
				PRODUCT_BUNDLE_IDENTIFIER = zachdaniel.AshHqUITests;
				PRODUCT_NAME = "$(TARGET_NAME)";
				SWIFT_EMIT_LOC_STRINGS = NO;
				SWIFT_VERSION = 5.0;
				TARGETED_DEVICE_FAMILY = "1,2";
				TEST_TARGET_NAME = AshHq;
			};
			name = Release;
		};
/* End XCBuildConfiguration section */

/* Begin XCConfigurationList section */
		C4D7806F28CA7C2A0060EA09 /* Build configuration list for PBXProject "AshHq" */ = {
			isa = XCConfigurationList;
			buildConfigurations = (
				C4D7809628CA7C2D0060EA09 /* Debug */,
				C4D7809728CA7C2D0060EA09 /* Release */,
			);
			defaultConfigurationIsVisible = 0;
			defaultConfigurationName = Release;
		};
		C4D7809828CA7C2D0060EA09 /* Build configuration list for PBXNativeTarget "AshHq" */ = {
			isa = XCConfigurationList;
			buildConfigurations = (
				C4D7809928CA7C2D0060EA09 /* Debug */,
				C4D7809A28CA7C2D0060EA09 /* Release */,
			);
			defaultConfigurationIsVisible = 0;
			defaultConfigurationName = Release;
		};
		C4D7809B28CA7C2D0060EA09 /* Build configuration list for PBXNativeTarget "AshHqTests" */ = {
			isa = XCConfigurationList;
			buildConfigurations = (
				C4D7809C28CA7C2D0060EA09 /* Debug */,
				C4D7809D28CA7C2D0060EA09 /* Release */,
			);
			defaultConfigurationIsVisible = 0;
			defaultConfigurationName = Release;
		};
		C4D7809E28CA7C2D0060EA09 /* Build configuration list for PBXNativeTarget "AshHqUITests" */ = {
			isa = XCConfigurationList;
			buildConfigurations = (
				C4D7809F28CA7C2D0060EA09 /* Debug */,
				C4D780A028CA7C2D0060EA09 /* Release */,
			);
			defaultConfigurationIsVisible = 0;
			defaultConfigurationName = Release;
		};
/* End XCConfigurationList section */

/* Begin XCRemoteSwiftPackageReference section */
		C4D780A128CA7C600060EA09 /* XCRemoteSwiftPackageReference "liveview-client-swiftui" */ = {
			isa = XCRemoteSwiftPackageReference;
			repositoryURL = "https://github.com/liveviewnative/liveview-client-swiftui";
			requirement = {
				branch = master;
				kind = branch;
			};
		};
/* End XCRemoteSwiftPackageReference section */

/* Begin XCSwiftPackageProductDependency section */
		C4D780A228CA7C600060EA09 /* PhoenixLiveViewNative */ = {
			isa = XCSwiftPackageProductDependency;
			package = C4D780A128CA7C600060EA09 /* XCRemoteSwiftPackageReference "liveview-client-swiftui" */;
			productName = PhoenixLiveViewNative;
		};
/* End XCSwiftPackageProductDependency section */
	};
	rootObject = C4D7806C28CA7C2A0060EA09 /* Project object */;
}
